// !$*UTF8*$!
{
	archiveVersion = 1;
	classes = {
	};
	objectVersion = 56;
	objects = {

/* Begin PBXBuildFile section */
		5A0574E22BDD889E00D87585 /* WeatherView.swift in Sources */ = {isa = PBXBuildFile; fileRef = 5A0574E12BDD889E00D87585 /* WeatherView.swift */; };
		5A1919FA2BD963900092AF29 /* ScheduleView.swift in Sources */ = {isa = PBXBuildFile; fileRef = 5A1919F92BD963900092AF29 /* ScheduleView.swift */; };
		5A1919FC2BD963DD0092AF29 /* Schedule.json in Resources */ = {isa = PBXBuildFile; fileRef = 5A1919FB2BD963DD0092AF29 /* Schedule.json */; };
		5A1919FE2BDAFF020092AF29 /* ScheduleController.swift in Sources */ = {isa = PBXBuildFile; fileRef = 5A1919FD2BDAFF020092AF29 /* ScheduleController.swift */; };
		5A191A012BDBCBE20092AF29 /* Day.swift in Sources */ = {isa = PBXBuildFile; fileRef = 5A191A002BDBCBE20092AF29 /* Day.swift */; };
		5A191A032BDBCBEF0092AF29 /* Event.swift in Sources */ = {isa = PBXBuildFile; fileRef = 5A191A022BDBCBEF0092AF29 /* Event.swift */; };
		5A191A052BDBCBFF0092AF29 /* Speaker.swift in Sources */ = {isa = PBXBuildFile; fileRef = 5A191A042BDBCBFF0092AF29 /* Speaker.swift */; };
		5A191A092BDBCF8A0092AF29 /* Algorithms in Frameworks */ = {isa = PBXBuildFile; productRef = 5A191A082BDBCF8A0092AF29 /* Algorithms */; };
		5A28A90329F803B100B02EE6 /* DeepDishLieSnapshots.swift in Sources */ = {isa = PBXBuildFile; fileRef = 5A28A90229F803B100B02EE6 /* DeepDishLieSnapshots.swift */; };
		5A28A90C29F803DF00B02EE6 /* SnapshotHelper.swift in Sources */ = {isa = PBXBuildFile; fileRef = 5A28A90B29F803DF00B02EE6 /* SnapshotHelper.swift */; };
		5A28A91429F8729300B02EE6 /* AboutView.swift in Sources */ = {isa = PBXBuildFile; fileRef = 5A28A91329F8729300B02EE6 /* AboutView.swift */; };
		5A3EFB0629F7D53200D75F5E /* DeepDishLieApp.swift in Sources */ = {isa = PBXBuildFile; fileRef = 5A3EFB0529F7D53200D75F5E /* DeepDishLieApp.swift */; };
		5A3EFB0A29F7D53300D75F5E /* Assets.xcassets in Resources */ = {isa = PBXBuildFile; fileRef = 5A3EFB0929F7D53300D75F5E /* Assets.xcassets */; };
		5A3EFB0E29F7D53300D75F5E /* Preview Assets.xcassets in Resources */ = {isa = PBXBuildFile; fileRef = 5A3EFB0D29F7D53300D75F5E /* Preview Assets.xcassets */; };
		5A994C4E29F9255D00F799ED /* LaunchScreen.storyboard in Resources */ = {isa = PBXBuildFile; fileRef = 5A994C4D29F9255D00F799ED /* LaunchScreen.storyboard */; };
/* End PBXBuildFile section */

/* Begin PBXContainerItemProxy section */
		5A28A90629F803B100B02EE6 /* PBXContainerItemProxy */ = {
			isa = PBXContainerItemProxy;
			containerPortal = 5A3EFAFA29F7D53200D75F5E /* Project object */;
			proxyType = 1;
			remoteGlobalIDString = 5A3EFB0129F7D53200D75F5E;
			remoteInfo = DeepDishLie;
		};
/* End PBXContainerItemProxy section */

/* Begin PBXFileReference section */
		5A0574E12BDD889E00D87585 /* WeatherView.swift */ = {isa = PBXFileReference; lastKnownFileType = sourcecode.swift; path = WeatherView.swift; sourceTree = "<group>"; };
		5A0574E32BDD8BC400D87585 /* DeepDishLie.entitlements */ = {isa = PBXFileReference; lastKnownFileType = text.plist.entitlements; path = DeepDishLie.entitlements; sourceTree = "<group>"; };
		5A1919F92BD963900092AF29 /* ScheduleView.swift */ = {isa = PBXFileReference; lastKnownFileType = sourcecode.swift; path = ScheduleView.swift; sourceTree = "<group>"; };
		5A1919FB2BD963DD0092AF29 /* Schedule.json */ = {isa = PBXFileReference; lastKnownFileType = text.json; path = Schedule.json; sourceTree = "<group>"; };
		5A1919FD2BDAFF020092AF29 /* ScheduleController.swift */ = {isa = PBXFileReference; lastKnownFileType = sourcecode.swift; path = ScheduleController.swift; sourceTree = "<group>"; };
		5A191A002BDBCBE20092AF29 /* Day.swift */ = {isa = PBXFileReference; lastKnownFileType = sourcecode.swift; path = Day.swift; sourceTree = "<group>"; };
		5A191A022BDBCBEF0092AF29 /* Event.swift */ = {isa = PBXFileReference; lastKnownFileType = sourcecode.swift; path = Event.swift; sourceTree = "<group>"; };
		5A191A042BDBCBFF0092AF29 /* Speaker.swift */ = {isa = PBXFileReference; lastKnownFileType = sourcecode.swift; path = Speaker.swift; sourceTree = "<group>"; };
		5A28A8FB29F8038800B02EE6 /* fastlane */ = {isa = PBXFileReference; lastKnownFileType = folder; path = fastlane; sourceTree = "<group>"; };
		5A28A90029F803B100B02EE6 /* DeepDishLieSnapshots.xctest */ = {isa = PBXFileReference; explicitFileType = wrapper.cfbundle; includeInIndex = 0; path = DeepDishLieSnapshots.xctest; sourceTree = BUILT_PRODUCTS_DIR; };
		5A28A90229F803B100B02EE6 /* DeepDishLieSnapshots.swift */ = {isa = PBXFileReference; lastKnownFileType = sourcecode.swift; path = DeepDishLieSnapshots.swift; sourceTree = "<group>"; };
		5A28A90B29F803DF00B02EE6 /* SnapshotHelper.swift */ = {isa = PBXFileReference; fileEncoding = 4; lastKnownFileType = sourcecode.swift; name = SnapshotHelper.swift; path = fastlane/SnapshotHelper.swift; sourceTree = SOURCE_ROOT; };
		5A28A91329F8729300B02EE6 /* AboutView.swift */ = {isa = PBXFileReference; lastKnownFileType = sourcecode.swift; path = AboutView.swift; sourceTree = "<group>"; };
		5A3EFB0229F7D53200D75F5E /* DeepDishLie.app */ = {isa = PBXFileReference; explicitFileType = wrapper.application; includeInIndex = 0; path = DeepDishLie.app; sourceTree = BUILT_PRODUCTS_DIR; };
		5A3EFB0529F7D53200D75F5E /* DeepDishLieApp.swift */ = {isa = PBXFileReference; lastKnownFileType = sourcecode.swift; path = DeepDishLieApp.swift; sourceTree = "<group>"; };
		5A3EFB0929F7D53300D75F5E /* Assets.xcassets */ = {isa = PBXFileReference; lastKnownFileType = folder.assetcatalog; path = Assets.xcassets; sourceTree = "<group>"; };
		5A3EFB0D29F7D53300D75F5E /* Preview Assets.xcassets */ = {isa = PBXFileReference; lastKnownFileType = folder.assetcatalog; path = "Preview Assets.xcassets"; sourceTree = "<group>"; };
		5A994C4C29F924E700F799ED /* Info.plist */ = {isa = PBXFileReference; lastKnownFileType = text.plist; path = Info.plist; sourceTree = "<group>"; };
		5A994C4D29F9255D00F799ED /* LaunchScreen.storyboard */ = {isa = PBXFileReference; lastKnownFileType = file.storyboard; path = LaunchScreen.storyboard; sourceTree = "<group>"; };
/* End PBXFileReference section */

/* Begin PBXFrameworksBuildPhase section */
		5A28A8FD29F803B100B02EE6 /* Frameworks */ = {
			isa = PBXFrameworksBuildPhase;
			buildActionMask = 2147483647;
			files = (
			);
			runOnlyForDeploymentPostprocessing = 0;
		};
		5A3EFAFF29F7D53200D75F5E /* Frameworks */ = {
			isa = PBXFrameworksBuildPhase;
			buildActionMask = 2147483647;
			files = (
				5A191A092BDBCF8A0092AF29 /* Algorithms in Frameworks */,
			);
			runOnlyForDeploymentPostprocessing = 0;
		};
/* End PBXFrameworksBuildPhase section */

/* Begin PBXGroup section */
		5A1919FF2BDBCBDD0092AF29 /* Models */ = {
			isa = PBXGroup;
			children = (
				5A191A002BDBCBE20092AF29 /* Day.swift */,
				5A191A022BDBCBEF0092AF29 /* Event.swift */,
				5A191A042BDBCBFF0092AF29 /* Speaker.swift */,
			);
			path = Models;
			sourceTree = "<group>";
		};
		5A191A072BDBCF8A0092AF29 /* Frameworks */ = {
			isa = PBXGroup;
			children = (
			);
			name = Frameworks;
			sourceTree = "<group>";
		};
		5A28A90129F803B100B02EE6 /* DeepDishLieSnapshots */ = {
			isa = PBXGroup;
			children = (
				5A28A90229F803B100B02EE6 /* DeepDishLieSnapshots.swift */,
				5A28A90B29F803DF00B02EE6 /* SnapshotHelper.swift */,
			);
			path = DeepDishLieSnapshots;
			sourceTree = "<group>";
		};
		5A28A91129F86F4E00B02EE6 /* Views */ = {
			isa = PBXGroup;
			children = (
				5A1919F92BD963900092AF29 /* ScheduleView.swift */,
				5A0574E12BDD889E00D87585 /* WeatherView.swift */,
				5A28A91329F8729300B02EE6 /* AboutView.swift */,
			);
			path = Views;
			sourceTree = "<group>";
		};
		5A28A91229F86F5000B02EE6 /* Controllers */ = {
			isa = PBXGroup;
			children = (
				5A1919FD2BDAFF020092AF29 /* ScheduleController.swift */,
			);
			path = Controllers;
			sourceTree = "<group>";
		};
		5A3EFAF929F7D53200D75F5E = {
			isa = PBXGroup;
			children = (
				5A3EFB0429F7D53200D75F5E /* DeepDishLie */,
				5A28A90129F803B100B02EE6 /* DeepDishLieSnapshots */,
				5A28A8FB29F8038800B02EE6 /* fastlane */,
				5A3EFB0329F7D53200D75F5E /* Products */,
				5A191A072BDBCF8A0092AF29 /* Frameworks */,
			);
			sourceTree = "<group>";
		};
		5A3EFB0329F7D53200D75F5E /* Products */ = {
			isa = PBXGroup;
			children = (
				5A3EFB0229F7D53200D75F5E /* DeepDishLie.app */,
				5A28A90029F803B100B02EE6 /* DeepDishLieSnapshots.xctest */,
			);
			name = Products;
			sourceTree = "<group>";
		};
		5A3EFB0429F7D53200D75F5E /* DeepDishLie */ = {
			isa = PBXGroup;
			children = (
				5A1919FF2BDBCBDD0092AF29 /* Models */,
				5A28A91229F86F5000B02EE6 /* Controllers */,
				5A28A91129F86F4E00B02EE6 /* Views */,
				5A3EFB0529F7D53200D75F5E /* DeepDishLieApp.swift */,
				5A3EFB0929F7D53300D75F5E /* Assets.xcassets */,
				5A1919FB2BD963DD0092AF29 /* Schedule.json */,
				5A994C4D29F9255D00F799ED /* LaunchScreen.storyboard */,
				5A0574E32BDD8BC400D87585 /* DeepDishLie.entitlements */,
				5A994C4C29F924E700F799ED /* Info.plist */,
				5A3EFB0C29F7D53300D75F5E /* Preview Content */,
			);
			path = DeepDishLie;
			sourceTree = "<group>";
		};
		5A3EFB0C29F7D53300D75F5E /* Preview Content */ = {
			isa = PBXGroup;
			children = (
				5A3EFB0D29F7D53300D75F5E /* Preview Assets.xcassets */,
			);
			path = "Preview Content";
			sourceTree = "<group>";
		};
/* End PBXGroup section */

/* Begin PBXNativeTarget section */
		5A28A8FF29F803B100B02EE6 /* DeepDishLieSnapshots */ = {
			isa = PBXNativeTarget;
			buildConfigurationList = 5A28A90829F803B100B02EE6 /* Build configuration list for PBXNativeTarget "DeepDishLieSnapshots" */;
			buildPhases = (
				5A28A8FC29F803B100B02EE6 /* Sources */,
				5A28A8FD29F803B100B02EE6 /* Frameworks */,
				5A28A8FE29F803B100B02EE6 /* Resources */,
			);
			buildRules = (
			);
			dependencies = (
				5A28A90729F803B100B02EE6 /* PBXTargetDependency */,
			);
			name = DeepDishLieSnapshots;
			productName = DeepDishLieSnapshots;
			productReference = 5A28A90029F803B100B02EE6 /* DeepDishLieSnapshots.xctest */;
			productType = "com.apple.product-type.bundle.ui-testing";
		};
		5A3EFB0129F7D53200D75F5E /* DeepDishLie */ = {
			isa = PBXNativeTarget;
			buildConfigurationList = 5A3EFB1129F7D53300D75F5E /* Build configuration list for PBXNativeTarget "DeepDishLie" */;
			buildPhases = (
				5A3EFAFE29F7D53200D75F5E /* Sources */,
				5A3EFAFF29F7D53200D75F5E /* Frameworks */,
				5A3EFB0029F7D53200D75F5E /* Resources */,
			);
			buildRules = (
			);
			dependencies = (
			);
			name = DeepDishLie;
			packageProductDependencies = (
				5A191A082BDBCF8A0092AF29 /* Algorithms */,
			);
			productName = DeepDishLie;
			productReference = 5A3EFB0229F7D53200D75F5E /* DeepDishLie.app */;
			productType = "com.apple.product-type.application";
		};
/* End PBXNativeTarget section */

/* Begin PBXProject section */
		5A3EFAFA29F7D53200D75F5E /* Project object */ = {
			isa = PBXProject;
			attributes = {
				BuildIndependentTargetsInParallel = 1;
				LastSwiftUpdateCheck = 1430;
				LastUpgradeCheck = 1530;
				TargetAttributes = {
					5A28A8FF29F803B100B02EE6 = {
						CreatedOnToolsVersion = 14.3;
						TestTargetID = 5A3EFB0129F7D53200D75F5E;
					};
					5A3EFB0129F7D53200D75F5E = {
						CreatedOnToolsVersion = 14.3;
					};
				};
			};
			buildConfigurationList = 5A3EFAFD29F7D53200D75F5E /* Build configuration list for PBXProject "DeepDishLie" */;
			compatibilityVersion = "Xcode 14.0";
			developmentRegion = en;
			hasScannedForEncodings = 0;
			knownRegions = (
				en,
				Base,
			);
			mainGroup = 5A3EFAF929F7D53200D75F5E;
			packageReferences = (
				5A191A062BDBCF830092AF29 /* XCRemoteSwiftPackageReference "swift-algorithms" */,
			);
			productRefGroup = 5A3EFB0329F7D53200D75F5E /* Products */;
			projectDirPath = "";
			projectRoot = "";
			targets = (
				5A3EFB0129F7D53200D75F5E /* DeepDishLie */,
				5A28A8FF29F803B100B02EE6 /* DeepDishLieSnapshots */,
			);
		};
/* End PBXProject section */

/* Begin PBXResourcesBuildPhase section */
		5A28A8FE29F803B100B02EE6 /* Resources */ = {
			isa = PBXResourcesBuildPhase;
			buildActionMask = 2147483647;
			files = (
			);
			runOnlyForDeploymentPostprocessing = 0;
		};
		5A3EFB0029F7D53200D75F5E /* Resources */ = {
			isa = PBXResourcesBuildPhase;
			buildActionMask = 2147483647;
			files = (
				5A1919FC2BD963DD0092AF29 /* Schedule.json in Resources */,
				5A3EFB0E29F7D53300D75F5E /* Preview Assets.xcassets in Resources */,
				5A994C4E29F9255D00F799ED /* LaunchScreen.storyboard in Resources */,
				5A3EFB0A29F7D53300D75F5E /* Assets.xcassets in Resources */,
			);
			runOnlyForDeploymentPostprocessing = 0;
		};
/* End PBXResourcesBuildPhase section */

/* Begin PBXSourcesBuildPhase section */
		5A28A8FC29F803B100B02EE6 /* Sources */ = {
			isa = PBXSourcesBuildPhase;
			buildActionMask = 2147483647;
			files = (
				5A28A90329F803B100B02EE6 /* DeepDishLieSnapshots.swift in Sources */,
				5A28A90C29F803DF00B02EE6 /* SnapshotHelper.swift in Sources */,
			);
			runOnlyForDeploymentPostprocessing = 0;
		};
		5A3EFAFE29F7D53200D75F5E /* Sources */ = {
			isa = PBXSourcesBuildPhase;
			buildActionMask = 2147483647;
			files = (
				5A28A91429F8729300B02EE6 /* AboutView.swift in Sources */,
				5A1919FA2BD963900092AF29 /* ScheduleView.swift in Sources */,
				5A191A032BDBCBEF0092AF29 /* Event.swift in Sources */,
				5A191A052BDBCBFF0092AF29 /* Speaker.swift in Sources */,
				5A1919FE2BDAFF020092AF29 /* ScheduleController.swift in Sources */,
				5A191A012BDBCBE20092AF29 /* Day.swift in Sources */,
				5A3EFB0629F7D53200D75F5E /* DeepDishLieApp.swift in Sources */,
				5A0574E22BDD889E00D87585 /* WeatherView.swift in Sources */,
			);
			runOnlyForDeploymentPostprocessing = 0;
		};
/* End PBXSourcesBuildPhase section */

/* Begin PBXTargetDependency section */
		5A28A90729F803B100B02EE6 /* PBXTargetDependency */ = {
			isa = PBXTargetDependency;
			target = 5A3EFB0129F7D53200D75F5E /* DeepDishLie */;
			targetProxy = 5A28A90629F803B100B02EE6 /* PBXContainerItemProxy */;
		};
/* End PBXTargetDependency section */

/* Begin XCBuildConfiguration section */
		5A28A90929F803B100B02EE6 /* Debug */ = {
			isa = XCBuildConfiguration;
			buildSettings = {
				CODE_SIGN_STYLE = Automatic;
				CURRENT_PROJECT_VERSION = 1;
				DEVELOPMENT_TEAM = R7YA4RGA8U;
				GENERATE_INFOPLIST_FILE = YES;
				IPHONEOS_DEPLOYMENT_TARGET = 16.4;
				MARKETING_VERSION = 1.0;
				PRODUCT_BUNDLE_IDENTIFIER = com.CoolYellowOwl.DeepDishLieSnapshots;
				PRODUCT_NAME = "$(TARGET_NAME)";
				SDKROOT = iphoneos;
				SWIFT_EMIT_LOC_STRINGS = NO;
				SWIFT_VERSION = 5.0;
				TARGETED_DEVICE_FAMILY = "1,2";
				TEST_TARGET_NAME = DeepDishLie;
			};
			name = Debug;
		};
		5A28A90A29F803B100B02EE6 /* Release */ = {
			isa = XCBuildConfiguration;
			buildSettings = {
				CODE_SIGN_STYLE = Automatic;
				CURRENT_PROJECT_VERSION = 1;
				DEVELOPMENT_TEAM = R7YA4RGA8U;
				GENERATE_INFOPLIST_FILE = YES;
				IPHONEOS_DEPLOYMENT_TARGET = 16.4;
				MARKETING_VERSION = 1.0;
				PRODUCT_BUNDLE_IDENTIFIER = com.CoolYellowOwl.DeepDishLieSnapshots;
				PRODUCT_NAME = "$(TARGET_NAME)";
				SDKROOT = iphoneos;
				SWIFT_EMIT_LOC_STRINGS = NO;
				SWIFT_VERSION = 5.0;
				TARGETED_DEVICE_FAMILY = "1,2";
				TEST_TARGET_NAME = DeepDishLie;
				VALIDATE_PRODUCT = YES;
			};
			name = Release;
		};
		5A3EFB0F29F7D53300D75F5E /* Debug */ = {
			isa = XCBuildConfiguration;
			buildSettings = {
				ALWAYS_SEARCH_USER_PATHS = NO;
				ASSETCATALOG_COMPILER_GENERATE_SWIFT_ASSET_SYMBOL_EXTENSIONS = YES;
				CLANG_ANALYZER_NONNULL = YES;
				CLANG_ANALYZER_NUMBER_OBJECT_CONVERSION = YES_AGGRESSIVE;
				CLANG_CXX_LANGUAGE_STANDARD = "gnu++20";
				CLANG_ENABLE_MODULES = YES;
				CLANG_ENABLE_OBJC_ARC = YES;
				CLANG_ENABLE_OBJC_WEAK = YES;
				CLANG_WARN_BLOCK_CAPTURE_AUTORELEASING = YES;
				CLANG_WARN_BOOL_CONVERSION = YES;
				CLANG_WARN_COMMA = YES;
				CLANG_WARN_CONSTANT_CONVERSION = YES;
				CLANG_WARN_DEPRECATED_OBJC_IMPLEMENTATIONS = YES;
				CLANG_WARN_DIRECT_OBJC_ISA_USAGE = YES_ERROR;
				CLANG_WARN_DOCUMENTATION_COMMENTS = YES;
				CLANG_WARN_EMPTY_BODY = YES;
				CLANG_WARN_ENUM_CONVERSION = YES;
				CLANG_WARN_INFINITE_RECURSION = YES;
				CLANG_WARN_INT_CONVERSION = YES;
				CLANG_WARN_NON_LITERAL_NULL_CONVERSION = YES;
				CLANG_WARN_OBJC_IMPLICIT_RETAIN_SELF = YES;
				CLANG_WARN_OBJC_LITERAL_CONVERSION = YES;
				CLANG_WARN_OBJC_ROOT_CLASS = YES_ERROR;
				CLANG_WARN_QUOTED_INCLUDE_IN_FRAMEWORK_HEADER = YES;
				CLANG_WARN_RANGE_LOOP_ANALYSIS = YES;
				CLANG_WARN_STRICT_PROTOTYPES = YES;
				CLANG_WARN_SUSPICIOUS_MOVE = YES;
				CLANG_WARN_UNGUARDED_AVAILABILITY = YES_AGGRESSIVE;
				CLANG_WARN_UNREACHABLE_CODE = YES;
				CLANG_WARN__DUPLICATE_METHOD_MATCH = YES;
				COPY_PHASE_STRIP = NO;
				DEAD_CODE_STRIPPING = YES;
				DEBUG_INFORMATION_FORMAT = dwarf;
				ENABLE_STRICT_OBJC_MSGSEND = YES;
				ENABLE_TESTABILITY = YES;
				ENABLE_USER_SCRIPT_SANDBOXING = YES;
				GCC_C_LANGUAGE_STANDARD = gnu11;
				GCC_DYNAMIC_NO_PIC = NO;
				GCC_NO_COMMON_BLOCKS = YES;
				GCC_OPTIMIZATION_LEVEL = 0;
				GCC_PREPROCESSOR_DEFINITIONS = (
					"DEBUG=1",
					"$(inherited)",
				);
				GCC_WARN_64_TO_32_BIT_CONVERSION = YES;
				GCC_WARN_ABOUT_RETURN_TYPE = YES_ERROR;
				GCC_WARN_UNDECLARED_SELECTOR = YES;
				GCC_WARN_UNINITIALIZED_AUTOS = YES_AGGRESSIVE;
				GCC_WARN_UNUSED_FUNCTION = YES;
				GCC_WARN_UNUSED_VARIABLE = YES;
				MTL_ENABLE_DEBUG_INFO = INCLUDE_SOURCE;
				MTL_FAST_MATH = YES;
				ONLY_ACTIVE_ARCH = YES;
				SWIFT_ACTIVE_COMPILATION_CONDITIONS = DEBUG;
				SWIFT_OPTIMIZATION_LEVEL = "-Onone";
			};
			name = Debug;
		};
		5A3EFB1029F7D53300D75F5E /* Release */ = {
			isa = XCBuildConfiguration;
			buildSettings = {
				ALWAYS_SEARCH_USER_PATHS = NO;
				ASSETCATALOG_COMPILER_GENERATE_SWIFT_ASSET_SYMBOL_EXTENSIONS = YES;
				CLANG_ANALYZER_NONNULL = YES;
				CLANG_ANALYZER_NUMBER_OBJECT_CONVERSION = YES_AGGRESSIVE;
				CLANG_CXX_LANGUAGE_STANDARD = "gnu++20";
				CLANG_ENABLE_MODULES = YES;
				CLANG_ENABLE_OBJC_ARC = YES;
				CLANG_ENABLE_OBJC_WEAK = YES;
				CLANG_WARN_BLOCK_CAPTURE_AUTORELEASING = YES;
				CLANG_WARN_BOOL_CONVERSION = YES;
				CLANG_WARN_COMMA = YES;
				CLANG_WARN_CONSTANT_CONVERSION = YES;
				CLANG_WARN_DEPRECATED_OBJC_IMPLEMENTATIONS = YES;
				CLANG_WARN_DIRECT_OBJC_ISA_USAGE = YES_ERROR;
				CLANG_WARN_DOCUMENTATION_COMMENTS = YES;
				CLANG_WARN_EMPTY_BODY = YES;
				CLANG_WARN_ENUM_CONVERSION = YES;
				CLANG_WARN_INFINITE_RECURSION = YES;
				CLANG_WARN_INT_CONVERSION = YES;
				CLANG_WARN_NON_LITERAL_NULL_CONVERSION = YES;
				CLANG_WARN_OBJC_IMPLICIT_RETAIN_SELF = YES;
				CLANG_WARN_OBJC_LITERAL_CONVERSION = YES;
				CLANG_WARN_OBJC_ROOT_CLASS = YES_ERROR;
				CLANG_WARN_QUOTED_INCLUDE_IN_FRAMEWORK_HEADER = YES;
				CLANG_WARN_RANGE_LOOP_ANALYSIS = YES;
				CLANG_WARN_STRICT_PROTOTYPES = YES;
				CLANG_WARN_SUSPICIOUS_MOVE = YES;
				CLANG_WARN_UNGUARDED_AVAILABILITY = YES_AGGRESSIVE;
				CLANG_WARN_UNREACHABLE_CODE = YES;
				CLANG_WARN__DUPLICATE_METHOD_MATCH = YES;
				COPY_PHASE_STRIP = NO;
				DEAD_CODE_STRIPPING = YES;
				DEBUG_INFORMATION_FORMAT = "dwarf-with-dsym";
				ENABLE_NS_ASSERTIONS = NO;
				ENABLE_STRICT_OBJC_MSGSEND = YES;
				ENABLE_USER_SCRIPT_SANDBOXING = YES;
				GCC_C_LANGUAGE_STANDARD = gnu11;
				GCC_NO_COMMON_BLOCKS = YES;
				GCC_WARN_64_TO_32_BIT_CONVERSION = YES;
				GCC_WARN_ABOUT_RETURN_TYPE = YES_ERROR;
				GCC_WARN_UNDECLARED_SELECTOR = YES;
				GCC_WARN_UNINITIALIZED_AUTOS = YES_AGGRESSIVE;
				GCC_WARN_UNUSED_FUNCTION = YES;
				GCC_WARN_UNUSED_VARIABLE = YES;
				MTL_ENABLE_DEBUG_INFO = NO;
				MTL_FAST_MATH = YES;
				SWIFT_COMPILATION_MODE = wholemodule;
				SWIFT_OPTIMIZATION_LEVEL = "-O";
			};
			name = Release;
		};
		5A3EFB1229F7D53300D75F5E /* Debug */ = {
			isa = XCBuildConfiguration;
			buildSettings = {
				ASSETCATALOG_COMPILER_APPICON_NAME = AppIcon;
				ASSETCATALOG_COMPILER_GLOBAL_ACCENT_COLOR_NAME = AccentColor;
				CODE_SIGN_ENTITLEMENTS = DeepDishLie/DeepDishLie.entitlements;
				CODE_SIGN_STYLE = Automatic;
				CURRENT_PROJECT_VERSION = 1;
				DEAD_CODE_STRIPPING = YES;
				DEVELOPMENT_ASSET_PATHS = "\"DeepDishLie/Preview Content\"";
				DEVELOPMENT_TEAM = R7YA4RGA8U;
				ENABLE_HARDENED_RUNTIME = YES;
				ENABLE_PREVIEWS = YES;
				GENERATE_INFOPLIST_FILE = YES;
				INFOPLIST_FILE = DeepDishLie/Info.plist;
				"INFOPLIST_KEY_UIApplicationSceneManifest_Generation[sdk=iphoneos*]" = YES;
				"INFOPLIST_KEY_UIApplicationSceneManifest_Generation[sdk=iphonesimulator*]" = YES;
				"INFOPLIST_KEY_UIApplicationSupportsIndirectInputEvents[sdk=iphoneos*]" = YES;
				"INFOPLIST_KEY_UIApplicationSupportsIndirectInputEvents[sdk=iphonesimulator*]" = YES;
				"INFOPLIST_KEY_UILaunchScreen_Generation[sdk=iphoneos*]" = YES;
				"INFOPLIST_KEY_UILaunchScreen_Generation[sdk=iphonesimulator*]" = YES;
				INFOPLIST_KEY_UILaunchStoryboardName = LaunchScreen.storyboard;
				"INFOPLIST_KEY_UIStatusBarStyle[sdk=iphoneos*]" = UIStatusBarStyleDefault;
				"INFOPLIST_KEY_UIStatusBarStyle[sdk=iphonesimulator*]" = UIStatusBarStyleDefault;
				INFOPLIST_KEY_UISupportedInterfaceOrientations = UIInterfaceOrientationPortrait;
				INFOPLIST_KEY_UISupportedInterfaceOrientations_iPad = "UIInterfaceOrientationLandscapeLeft UIInterfaceOrientationLandscapeRight UIInterfaceOrientationPortrait UIInterfaceOrientationPortraitUpsideDown";
				IPHONEOS_DEPLOYMENT_TARGET = 17.0;
				LD_RUNPATH_SEARCH_PATHS = "@executable_path/Frameworks";
				"LD_RUNPATH_SEARCH_PATHS[sdk=macosx*]" = "@executable_path/../Frameworks";
				MACOSX_DEPLOYMENT_TARGET = 13.2;
				MARKETING_VERSION = 2.0;
				PRODUCT_BUNDLE_IDENTIFIER = com.CoolYellowOwl.DeepDishLie;
				PRODUCT_NAME = "$(TARGET_NAME)";
				SDKROOT = auto;
				SUPPORTED_PLATFORMS = "iphoneos iphonesimulator";
				SUPPORTS_MACCATALYST = NO;
				SUPPORTS_MAC_DESIGNED_FOR_IPHONE_IPAD = NO;
				SWIFT_EMIT_LOC_STRINGS = YES;
				SWIFT_VERSION = 5.0;
				TARGETED_DEVICE_FAMILY = "1,2";
			};
			name = Debug;
		};
		5A3EFB1329F7D53300D75F5E /* Release */ = {
			isa = XCBuildConfiguration;
			buildSettings = {
				ASSETCATALOG_COMPILER_APPICON_NAME = AppIcon;
				ASSETCATALOG_COMPILER_GLOBAL_ACCENT_COLOR_NAME = AccentColor;
				CODE_SIGN_ENTITLEMENTS = DeepDishLie/DeepDishLie.entitlements;
				CODE_SIGN_STYLE = Automatic;
				CURRENT_PROJECT_VERSION = 1;
				DEAD_CODE_STRIPPING = YES;
				DEVELOPMENT_ASSET_PATHS = "\"DeepDishLie/Preview Content\"";
				DEVELOPMENT_TEAM = R7YA4RGA8U;
				ENABLE_HARDENED_RUNTIME = YES;
				ENABLE_PREVIEWS = YES;
				GENERATE_INFOPLIST_FILE = YES;
				INFOPLIST_FILE = DeepDishLie/Info.plist;
				"INFOPLIST_KEY_UIApplicationSceneManifest_Generation[sdk=iphoneos*]" = YES;
				"INFOPLIST_KEY_UIApplicationSceneManifest_Generation[sdk=iphonesimulator*]" = YES;
				"INFOPLIST_KEY_UIApplicationSupportsIndirectInputEvents[sdk=iphoneos*]" = YES;
				"INFOPLIST_KEY_UIApplicationSupportsIndirectInputEvents[sdk=iphonesimulator*]" = YES;
				"INFOPLIST_KEY_UILaunchScreen_Generation[sdk=iphoneos*]" = YES;
				"INFOPLIST_KEY_UILaunchScreen_Generation[sdk=iphonesimulator*]" = YES;
				INFOPLIST_KEY_UILaunchStoryboardName = LaunchScreen.storyboard;
				"INFOPLIST_KEY_UIStatusBarStyle[sdk=iphoneos*]" = UIStatusBarStyleDefault;
				"INFOPLIST_KEY_UIStatusBarStyle[sdk=iphonesimulator*]" = UIStatusBarStyleDefault;
				INFOPLIST_KEY_UISupportedInterfaceOrientations = UIInterfaceOrientationPortrait;
				INFOPLIST_KEY_UISupportedInterfaceOrientations_iPad = "UIInterfaceOrientationLandscapeLeft UIInterfaceOrientationLandscapeRight UIInterfaceOrientationPortrait UIInterfaceOrientationPortraitUpsideDown";
				IPHONEOS_DEPLOYMENT_TARGET = 17.0;
				LD_RUNPATH_SEARCH_PATHS = "@executable_path/Frameworks";
				"LD_RUNPATH_SEARCH_PATHS[sdk=macosx*]" = "@executable_path/../Frameworks";
				MACOSX_DEPLOYMENT_TARGET = 13.2;
				MARKETING_VERSION = 2.0;
				PRODUCT_BUNDLE_IDENTIFIER = com.CoolYellowOwl.DeepDishLie;
				PRODUCT_NAME = "$(TARGET_NAME)";
				SDKROOT = auto;
				SUPPORTED_PLATFORMS = "iphoneos iphonesimulator";
				SUPPORTS_MACCATALYST = NO;
				SUPPORTS_MAC_DESIGNED_FOR_IPHONE_IPAD = NO;
				SWIFT_EMIT_LOC_STRINGS = YES;
				SWIFT_VERSION = 5.0;
				TARGETED_DEVICE_FAMILY = "1,2";
			};
			name = Release;
		};
/* End XCBuildConfiguration section */

/* Begin XCConfigurationList section */
		5A28A90829F803B100B02EE6 /* Build configuration list for PBXNativeTarget "DeepDishLieSnapshots" */ = {
			isa = XCConfigurationList;
			buildConfigurations = (
				5A28A90929F803B100B02EE6 /* Debug */,
				5A28A90A29F803B100B02EE6 /* Release */,
			);
			defaultConfigurationIsVisible = 0;
			defaultConfigurationName = Release;
		};
		5A3EFAFD29F7D53200D75F5E /* Build configuration list for PBXProject "DeepDishLie" */ = {
			isa = XCConfigurationList;
			buildConfigurations = (
				5A3EFB0F29F7D53300D75F5E /* Debug */,
				5A3EFB1029F7D53300D75F5E /* Release */,
			);
			defaultConfigurationIsVisible = 0;
			defaultConfigurationName = Release;
		};
		5A3EFB1129F7D53300D75F5E /* Build configuration list for PBXNativeTarget "DeepDishLie" */ = {
			isa = XCConfigurationList;
			buildConfigurations = (
				5A3EFB1229F7D53300D75F5E /* Debug */,
				5A3EFB1329F7D53300D75F5E /* Release */,
			);
			defaultConfigurationIsVisible = 0;
			defaultConfigurationName = Release;
		};
/* End XCConfigurationList section */

/* Begin XCRemoteSwiftPackageReference section */
		5A191A062BDBCF830092AF29 /* XCRemoteSwiftPackageReference "swift-algorithms" */ = {
			isa = XCRemoteSwiftPackageReference;
			repositoryURL = "https://github.com/apple/swift-algorithms.git";
			requirement = {
				kind = upToNextMajorVersion;
				minimumVersion = 1.2.0;
			};
		};
/* End XCRemoteSwiftPackageReference section */

/* Begin XCSwiftPackageProductDependency section */
		5A191A082BDBCF8A0092AF29 /* Algorithms */ = {
			isa = XCSwiftPackageProductDependency;
			package = 5A191A062BDBCF830092AF29 /* XCRemoteSwiftPackageReference "swift-algorithms" */;
			productName = Algorithms;
		};
/* End XCSwiftPackageProductDependency section */
	};
	rootObject = 5A3EFAFA29F7D53200D75F5E /* Project object */;
}
