// !$*UTF8*$!
{
	archiveVersion = 1;
	classes = {
	};
	objectVersion = 71;
	objects = {

/* Begin PBXBuildFile section */
		5A0902702D6339FE00A1E387 /* DeepDishCore.framework in Frameworks */ = {isa = PBXBuildFile; fileRef = 5A81953E2D61493D0048354A /* DeepDishCore.framework */; };
		5A28A90329F803B100B02EE6 /* DeepDishLieSnapshots.swift in Sources */ = {isa = PBXBuildFile; fileRef = 5A28A90229F803B100B02EE6 /* DeepDishLieSnapshots.swift */; };
		5A28A90C29F803DF00B02EE6 /* SnapshotHelper.swift in Sources */ = {isa = PBXBuildFile; fileRef = 5A28A90B29F803DF00B02EE6 /* SnapshotHelper.swift */; };
		5A28DB452BE294910047A8CF /* ConfettiSwiftUI in Frameworks */ = {isa = PBXBuildFile; productRef = 5A28DB442BE294910047A8CF /* ConfettiSwiftUI */; };
		5A28DB742BE5FB5F0047A8CF /* TelemetryClient in Frameworks */ = {isa = PBXBuildFile; productRef = 5A28DB732BE5FB5F0047A8CF /* TelemetryClient */; };
		5A8195462D61493D0048354A /* DeepDishCore.framework in Frameworks */ = {isa = PBXBuildFile; fileRef = 5A81953E2D61493D0048354A /* DeepDishCore.framework */; };
		5A8195512D61493D0048354A /* DeepDishCore.framework in Frameworks */ = {isa = PBXBuildFile; fileRef = 5A81953E2D61493D0048354A /* DeepDishCore.framework */; };
		5A8195522D61493D0048354A /* DeepDishCore.framework in Embed Frameworks */ = {isa = PBXBuildFile; fileRef = 5A81953E2D61493D0048354A /* DeepDishCore.framework */; settings = {ATTRIBUTES = (CodeSignOnCopy, RemoveHeadersOnCopy, ); }; };
		5A8195CC2D614E240048354A /* WidgetKit.framework in Frameworks */ = {isa = PBXBuildFile; fileRef = 5A8195212D6147910048354A /* WidgetKit.framework */; };
		5A8195CD2D614E240048354A /* SwiftUI.framework in Frameworks */ = {isa = PBXBuildFile; fileRef = 5A8195232D6147910048354A /* SwiftUI.framework */; };
		5A8195D82D614E250048354A /* DeepDishWidget.appex in Embed Foundation Extensions */ = {isa = PBXBuildFile; fileRef = 5A8195CB2D614E240048354A /* DeepDishWidget.appex */; settings = {ATTRIBUTES = (RemoveHeadersOnCopy, ); }; };
		DE6F23542D6A533F003C0319 /* ScheduleAppClip.app in Embed App Clips */ = {isa = PBXBuildFile; fileRef = DE6F23452D6A533B003C0319 /* ScheduleAppClip.app */; settings = {ATTRIBUTES = (RemoveHeadersOnCopy, ); }; };
		DE9F8FB82D6A8081002517D1 /* DeepDishCore.framework in Frameworks */ = {isa = PBXBuildFile; fileRef = 5A81953E2D61493D0048354A /* DeepDishCore.framework */; };
		DE9F8FB92D6A8081002517D1 /* DeepDishCore.framework in Embed Frameworks */ = {isa = PBXBuildFile; fileRef = 5A81953E2D61493D0048354A /* DeepDishCore.framework */; settings = {ATTRIBUTES = (CodeSignOnCopy, RemoveHeadersOnCopy, ); }; };
/* End PBXBuildFile section */

/* Begin PBXContainerItemProxy section */
		5A0902722D6339FE00A1E387 /* PBXContainerItemProxy */ = {
			isa = PBXContainerItemProxy;
			containerPortal = 5A3EFAFA29F7D53200D75F5E /* Project object */;
			proxyType = 1;
			remoteGlobalIDString = 5A81953D2D61493D0048354A;
			remoteInfo = DeepDishCore;
		};
		5A28A90629F803B100B02EE6 /* PBXContainerItemProxy */ = {
			isa = PBXContainerItemProxy;
			containerPortal = 5A3EFAFA29F7D53200D75F5E /* Project object */;
			proxyType = 1;
			remoteGlobalIDString = 5A3EFB0129F7D53200D75F5E;
			remoteInfo = DeepDishLie;
		};
		5A8195472D61493D0048354A /* PBXContainerItemProxy */ = {
			isa = PBXContainerItemProxy;
			containerPortal = 5A3EFAFA29F7D53200D75F5E /* Project object */;
			proxyType = 1;
			remoteGlobalIDString = 5A81953D2D61493D0048354A;
			remoteInfo = DeepDishCore;
		};
		5A8195492D61493D0048354A /* PBXContainerItemProxy */ = {
			isa = PBXContainerItemProxy;
			containerPortal = 5A3EFAFA29F7D53200D75F5E /* Project object */;
			proxyType = 1;
			remoteGlobalIDString = 5A3EFB0129F7D53200D75F5E;
			remoteInfo = DeepDishLie;
		};
		5A81954F2D61493D0048354A /* PBXContainerItemProxy */ = {
			isa = PBXContainerItemProxy;
			containerPortal = 5A3EFAFA29F7D53200D75F5E /* Project object */;
			proxyType = 1;
			remoteGlobalIDString = 5A81953D2D61493D0048354A;
			remoteInfo = DeepDishCore;
		};
		5A8195D62D614E250048354A /* PBXContainerItemProxy */ = {
			isa = PBXContainerItemProxy;
			containerPortal = 5A3EFAFA29F7D53200D75F5E /* Project object */;
			proxyType = 1;
			remoteGlobalIDString = 5A8195CA2D614E240048354A;
			remoteInfo = ScheduleWidgetExtension;
		};
		DE6F23522D6A533F003C0319 /* PBXContainerItemProxy */ = {
			isa = PBXContainerItemProxy;
			containerPortal = 5A3EFAFA29F7D53200D75F5E /* Project object */;
			proxyType = 1;
			remoteGlobalIDString = DE6F23442D6A533B003C0319;
			remoteInfo = ScheduleAppClip;
		};
/* End PBXContainerItemProxy section */

/* Begin PBXCopyFilesBuildPhase section */
		5A8195342D6147920048354A /* Embed Foundation Extensions */ = {
			isa = PBXCopyFilesBuildPhase;
			buildActionMask = 2147483647;
			dstPath = "";
			dstSubfolderSpec = 13;
			files = (
				5A8195D82D614E250048354A /* DeepDishWidget.appex in Embed Foundation Extensions */,
			);
			name = "Embed Foundation Extensions";
			runOnlyForDeploymentPostprocessing = 0;
		};
		5A8195572D61493D0048354A /* Embed Frameworks */ = {
			isa = PBXCopyFilesBuildPhase;
			buildActionMask = 2147483647;
			dstPath = "";
			dstSubfolderSpec = 10;
			files = (
				5A8195522D61493D0048354A /* DeepDishCore.framework in Embed Frameworks */,
			);
			name = "Embed Frameworks";
			runOnlyForDeploymentPostprocessing = 0;
		};
		DE6F23592D6A533F003C0319 /* Embed App Clips */ = {
			isa = PBXCopyFilesBuildPhase;
			buildActionMask = 2147483647;
			dstPath = "$(CONTENTS_FOLDER_PATH)/AppClips";
			dstSubfolderSpec = 16;
			files = (
				DE6F23542D6A533F003C0319 /* ScheduleAppClip.app in Embed App Clips */,
			);
			name = "Embed App Clips";
			runOnlyForDeploymentPostprocessing = 0;
		};
		DE9F8FBA2D6A8081002517D1 /* Embed Frameworks */ = {
			isa = PBXCopyFilesBuildPhase;
			buildActionMask = 2147483647;
			dstPath = "";
			dstSubfolderSpec = 10;
			files = (
				DE9F8FB92D6A8081002517D1 /* DeepDishCore.framework in Embed Frameworks */,
			);
			name = "Embed Frameworks";
			runOnlyForDeploymentPostprocessing = 0;
		};
/* End PBXCopyFilesBuildPhase section */

/* Begin PBXFileReference section */
		5A28A8FB29F8038800B02EE6 /* fastlane */ = {isa = PBXFileReference; lastKnownFileType = folder; path = fastlane; sourceTree = "<group>"; };
		5A28A90029F803B100B02EE6 /* DeepDishLieSnapshots.xctest */ = {isa = PBXFileReference; explicitFileType = wrapper.cfbundle; includeInIndex = 0; path = DeepDishLieSnapshots.xctest; sourceTree = BUILT_PRODUCTS_DIR; };
		5A28A90229F803B100B02EE6 /* DeepDishLieSnapshots.swift */ = {isa = PBXFileReference; lastKnownFileType = sourcecode.swift; path = DeepDishLieSnapshots.swift; sourceTree = "<group>"; };
		5A28A90B29F803DF00B02EE6 /* SnapshotHelper.swift */ = {isa = PBXFileReference; fileEncoding = 4; lastKnownFileType = sourcecode.swift; name = SnapshotHelper.swift; path = fastlane/SnapshotHelper.swift; sourceTree = SOURCE_ROOT; };
		5A3EFB0229F7D53200D75F5E /* DeepDishLie.app */ = {isa = PBXFileReference; explicitFileType = wrapper.application; includeInIndex = 0; path = DeepDishLie.app; sourceTree = BUILT_PRODUCTS_DIR; };
		5A8195212D6147910048354A /* WidgetKit.framework */ = {isa = PBXFileReference; lastKnownFileType = wrapper.framework; name = WidgetKit.framework; path = System/Library/Frameworks/WidgetKit.framework; sourceTree = SDKROOT; };
		5A8195232D6147910048354A /* SwiftUI.framework */ = {isa = PBXFileReference; lastKnownFileType = wrapper.framework; name = SwiftUI.framework; path = System/Library/Frameworks/SwiftUI.framework; sourceTree = SDKROOT; };
		5A81953E2D61493D0048354A /* DeepDishCore.framework */ = {isa = PBXFileReference; explicitFileType = wrapper.framework; includeInIndex = 0; path = DeepDishCore.framework; sourceTree = BUILT_PRODUCTS_DIR; };
		5A8195452D61493D0048354A /* DeepDishCoreTests.xctest */ = {isa = PBXFileReference; explicitFileType = wrapper.cfbundle; includeInIndex = 0; path = DeepDishCoreTests.xctest; sourceTree = BUILT_PRODUCTS_DIR; };
		5A8195CB2D614E240048354A /* DeepDishWidget.appex */ = {isa = PBXFileReference; explicitFileType = "wrapper.app-extension"; includeInIndex = 0; path = DeepDishWidget.appex; sourceTree = BUILT_PRODUCTS_DIR; };
		DE6F23452D6A533B003C0319 /* ScheduleAppClip.app */ = {isa = PBXFileReference; explicitFileType = wrapper.application; includeInIndex = 0; path = ScheduleAppClip.app; sourceTree = BUILT_PRODUCTS_DIR; };
/* End PBXFileReference section */

/* Begin PBXFileSystemSynchronizedBuildFileExceptionSet section */
		5A8194662D6132740048354A /* PBXFileSystemSynchronizedBuildFileExceptionSet */ = {
			isa = PBXFileSystemSynchronizedBuildFileExceptionSet;
			membershipExceptions = (
				Info.plist,
			);
			target = 5A3EFB0129F7D53200D75F5E /* DeepDishLie */;
		};
		5A8195562D61493D0048354A /* PBXFileSystemSynchronizedBuildFileExceptionSet */ = {
			isa = PBXFileSystemSynchronizedBuildFileExceptionSet;
			publicHeaders = (
				DeepDishCore.h,
			);
			target = 5A81953D2D61493D0048354A /* DeepDishCore */;
		};
		5A8195DC2D614E250048354A /* PBXFileSystemSynchronizedBuildFileExceptionSet */ = {
			isa = PBXFileSystemSynchronizedBuildFileExceptionSet;
			membershipExceptions = (
				Info.plist,
			);
			target = 5A8195CA2D614E240048354A /* DeepDishWidget */;
		};
		DE6F23582D6A533F003C0319 /* PBXFileSystemSynchronizedBuildFileExceptionSet */ = {
			isa = PBXFileSystemSynchronizedBuildFileExceptionSet;
			membershipExceptions = (
				Info.plist,
			);
			target = DE6F23442D6A533B003C0319 /* ScheduleAppClip */;
		};
		DE6F235B2D6A5361003C0319 /* PBXFileSystemSynchronizedBuildFileExceptionSet */ = {
			isa = PBXFileSystemSynchronizedBuildFileExceptionSet;
			membershipExceptions = (
				"Extensions/Event+Colors.swift",
				LaunchScreen.storyboard,
				SharedAssets.xcassets,
				Views/SafariView.swift,
				Views/Schedule/EventRow.swift,
				Views/Schedule/EventView.swift,
				Views/Schedule/ScheduleListView.swift,
			);
			target = DE6F23442D6A533B003C0319 /* ScheduleAppClip */;
		};
/* End PBXFileSystemSynchronizedBuildFileExceptionSet section */

/* Begin PBXFileSystemSynchronizedRootGroup section */
		5A09047F2D63D81800A1E387 /* Configuration */ = {isa = PBXFileSystemSynchronizedRootGroup; explicitFileTypes = {}; explicitFolders = (); path = Configuration; sourceTree = "<group>"; };
		5A81944A2D6132740048354A /* DeepDishLie */ = {isa = PBXFileSystemSynchronizedRootGroup; exceptions = (5A8194662D6132740048354A /* PBXFileSystemSynchronizedBuildFileExceptionSet */, DE6F235B2D6A5361003C0319 /* PBXFileSystemSynchronizedBuildFileExceptionSet */, ); explicitFileTypes = {}; explicitFolders = (); path = DeepDishLie; sourceTree = "<group>"; };
		5A81953F2D61493D0048354A /* DeepDishCore */ = {isa = PBXFileSystemSynchronizedRootGroup; exceptions = (5A8195562D61493D0048354A /* PBXFileSystemSynchronizedBuildFileExceptionSet */, ); explicitFileTypes = {}; explicitFolders = (); path = DeepDishCore; sourceTree = "<group>"; };
		5A81954B2D61493D0048354A /* DeepDishCoreTests */ = {isa = PBXFileSystemSynchronizedRootGroup; explicitFileTypes = {}; explicitFolders = (); path = DeepDishCoreTests; sourceTree = "<group>"; };
		5A8195CE2D614E240048354A /* DeepDishWidget */ = {isa = PBXFileSystemSynchronizedRootGroup; exceptions = (5A8195DC2D614E250048354A /* PBXFileSystemSynchronizedBuildFileExceptionSet */, ); explicitFileTypes = {}; explicitFolders = (); path = DeepDishWidget; sourceTree = "<group>"; };
		DE6F23462D6A533B003C0319 /* ScheduleAppClip */ = {isa = PBXFileSystemSynchronizedRootGroup; exceptions = (DE6F23582D6A533F003C0319 /* PBXFileSystemSynchronizedBuildFileExceptionSet */, ); explicitFileTypes = {}; explicitFolders = (); path = ScheduleAppClip; sourceTree = "<group>"; };
/* End PBXFileSystemSynchronizedRootGroup section */

/* Begin PBXFrameworksBuildPhase section */
		5A28A8FD29F803B100B02EE6 /* Frameworks */ = {
			isa = PBXFrameworksBuildPhase;
			buildActionMask = 2147483647;
			files = (
			);
			runOnlyForDeploymentPostprocessing = 0;
		};
		5A3EFAFF29F7D53200D75F5E /* Frameworks */ = {
			isa = PBXFrameworksBuildPhase;
			buildActionMask = 2147483647;
			files = (
				5A8195512D61493D0048354A /* DeepDishCore.framework in Frameworks */,
				5A28DB452BE294910047A8CF /* ConfettiSwiftUI in Frameworks */,
				5A28DB742BE5FB5F0047A8CF /* TelemetryClient in Frameworks */,
			);
			runOnlyForDeploymentPostprocessing = 0;
		};
		5A81953B2D61493D0048354A /* Frameworks */ = {
			isa = PBXFrameworksBuildPhase;
			buildActionMask = 2147483647;
			files = (
			);
			runOnlyForDeploymentPostprocessing = 0;
		};
		5A8195422D61493D0048354A /* Frameworks */ = {
			isa = PBXFrameworksBuildPhase;
			buildActionMask = 2147483647;
			files = (
				5A8195462D61493D0048354A /* DeepDishCore.framework in Frameworks */,
			);
			runOnlyForDeploymentPostprocessing = 0;
		};
		5A8195C82D614E240048354A /* Frameworks */ = {
			isa = PBXFrameworksBuildPhase;
			buildActionMask = 2147483647;
			files = (
				5A0902702D6339FE00A1E387 /* DeepDishCore.framework in Frameworks */,
				5A8195CD2D614E240048354A /* SwiftUI.framework in Frameworks */,
				5A8195CC2D614E240048354A /* WidgetKit.framework in Frameworks */,
			);
			runOnlyForDeploymentPostprocessing = 0;
		};
		DE6F23422D6A533B003C0319 /* Frameworks */ = {
			isa = PBXFrameworksBuildPhase;
			buildActionMask = 2147483647;
			files = (
				DE9F8FB82D6A8081002517D1 /* DeepDishCore.framework in Frameworks */,
			);
			runOnlyForDeploymentPostprocessing = 0;
		};
/* End PBXFrameworksBuildPhase section */

/* Begin PBXGroup section */
		5A191A072BDBCF8A0092AF29 /* Frameworks */ = {
			isa = PBXGroup;
			children = (
				5A8195212D6147910048354A /* WidgetKit.framework */,
				5A8195232D6147910048354A /* SwiftUI.framework */,
			);
			name = Frameworks;
			sourceTree = "<group>";
		};
		5A28A90129F803B100B02EE6 /* DeepDishLieSnapshots */ = {
			isa = PBXGroup;
			children = (
				5A28A90229F803B100B02EE6 /* DeepDishLieSnapshots.swift */,
				5A28A90B29F803DF00B02EE6 /* SnapshotHelper.swift */,
			);
			path = DeepDishLieSnapshots;
			sourceTree = "<group>";
		};
		5A3EFAF929F7D53200D75F5E = {
			isa = PBXGroup;
			children = (
				5A81944A2D6132740048354A /* DeepDishLie */,
				5A8195CE2D614E240048354A /* DeepDishWidget */,
				5A81953F2D61493D0048354A /* DeepDishCore */,
				5A81954B2D61493D0048354A /* DeepDishCoreTests */,
				5A28A90129F803B100B02EE6 /* DeepDishLieSnapshots */,
				5A09047F2D63D81800A1E387 /* Configuration */,
				5A28A8FB29F8038800B02EE6 /* fastlane */,
				DE6F23462D6A533B003C0319 /* ScheduleAppClip */,
				5A3EFB0329F7D53200D75F5E /* Products */,
				5A191A072BDBCF8A0092AF29 /* Frameworks */,
			);
			sourceTree = "<group>";
		};
		5A3EFB0329F7D53200D75F5E /* Products */ = {
			isa = PBXGroup;
			children = (
				5A3EFB0229F7D53200D75F5E /* DeepDishLie.app */,
				5A28A90029F803B100B02EE6 /* DeepDishLieSnapshots.xctest */,
				5A81953E2D61493D0048354A /* DeepDishCore.framework */,
				5A8195452D61493D0048354A /* DeepDishCoreTests.xctest */,
				5A8195CB2D614E240048354A /* DeepDishWidget.appex */,
				DE6F23452D6A533B003C0319 /* ScheduleAppClip.app */,
			);
			name = Products;
			sourceTree = "<group>";
		};
/* End PBXGroup section */

/* Begin PBXHeadersBuildPhase section */
		5A8195392D61493D0048354A /* Headers */ = {
			isa = PBXHeadersBuildPhase;
			buildActionMask = 2147483647;
			files = (
			);
			runOnlyForDeploymentPostprocessing = 0;
		};
/* End PBXHeadersBuildPhase section */

/* Begin PBXNativeTarget section */
		5A28A8FF29F803B100B02EE6 /* DeepDishLieSnapshots */ = {
			isa = PBXNativeTarget;
			buildConfigurationList = 5A28A90829F803B100B02EE6 /* Build configuration list for PBXNativeTarget "DeepDishLieSnapshots" */;
			buildPhases = (
				5A28A8FC29F803B100B02EE6 /* Sources */,
				5A28A8FD29F803B100B02EE6 /* Frameworks */,
				5A28A8FE29F803B100B02EE6 /* Resources */,
			);
			buildRules = (
			);
			dependencies = (
				5A28A90729F803B100B02EE6 /* PBXTargetDependency */,
			);
			name = DeepDishLieSnapshots;
			productName = DeepDishLieSnapshots;
			productReference = 5A28A90029F803B100B02EE6 /* DeepDishLieSnapshots.xctest */;
			productType = "com.apple.product-type.bundle.ui-testing";
		};
		5A3EFB0129F7D53200D75F5E /* DeepDishLie */ = {
			isa = PBXNativeTarget;
			buildConfigurationList = 5A3EFB1129F7D53300D75F5E /* Build configuration list for PBXNativeTarget "DeepDishLie" */;
			buildPhases = (
				5A3EFAFE29F7D53200D75F5E /* Sources */,
				5A3EFAFF29F7D53200D75F5E /* Frameworks */,
				5A3EFB0029F7D53200D75F5E /* Resources */,
				5A8195342D6147920048354A /* Embed Foundation Extensions */,
				5A8195572D61493D0048354A /* Embed Frameworks */,
				DE6F23592D6A533F003C0319 /* Embed App Clips */,
			);
			buildRules = (
			);
			dependencies = (
				5A8195502D61493D0048354A /* PBXTargetDependency */,
				5A8195D72D614E250048354A /* PBXTargetDependency */,
				DE6F23532D6A533F003C0319 /* PBXTargetDependency */,
			);
			fileSystemSynchronizedGroups = (
				5A81944A2D6132740048354A /* DeepDishLie */,
			);
			name = DeepDishLie;
			packageProductDependencies = (
				5A28DB442BE294910047A8CF /* ConfettiSwiftUI */,
				5A28DB732BE5FB5F0047A8CF /* TelemetryClient */,
			);
			productName = DeepDishLie;
			productReference = 5A3EFB0229F7D53200D75F5E /* DeepDishLie.app */;
			productType = "com.apple.product-type.application";
		};
		5A81953D2D61493D0048354A /* DeepDishCore */ = {
			isa = PBXNativeTarget;
			buildConfigurationList = 5A8195532D61493D0048354A /* Build configuration list for PBXNativeTarget "DeepDishCore" */;
			buildPhases = (
				5A8195392D61493D0048354A /* Headers */,
				5A81953A2D61493D0048354A /* Sources */,
				5A81953B2D61493D0048354A /* Frameworks */,
				5A81953C2D61493D0048354A /* Resources */,
			);
			buildRules = (
			);
			dependencies = (
			);
			fileSystemSynchronizedGroups = (
				5A81953F2D61493D0048354A /* DeepDishCore */,
			);
			name = DeepDishCore;
			packageProductDependencies = (
			);
			productName = DeepDishCore;
			productReference = 5A81953E2D61493D0048354A /* DeepDishCore.framework */;
			productType = "com.apple.product-type.framework";
		};
		5A8195442D61493D0048354A /* DeepDishCoreTests */ = {
			isa = PBXNativeTarget;
			buildConfigurationList = 5A8195582D61493D0048354A /* Build configuration list for PBXNativeTarget "DeepDishCoreTests" */;
			buildPhases = (
				5A8195412D61493D0048354A /* Sources */,
				5A8195422D61493D0048354A /* Frameworks */,
				5A8195432D61493D0048354A /* Resources */,
			);
			buildRules = (
			);
			dependencies = (
				5A8195482D61493D0048354A /* PBXTargetDependency */,
				5A81954A2D61493D0048354A /* PBXTargetDependency */,
			);
			fileSystemSynchronizedGroups = (
				5A81954B2D61493D0048354A /* DeepDishCoreTests */,
			);
			name = DeepDishCoreTests;
			packageProductDependencies = (
			);
			productName = DeepDishCoreTests;
			productReference = 5A8195452D61493D0048354A /* DeepDishCoreTests.xctest */;
			productType = "com.apple.product-type.bundle.unit-test";
		};
		5A8195CA2D614E240048354A /* DeepDishWidget */ = {
			isa = PBXNativeTarget;
			buildConfigurationList = 5A8195DB2D614E250048354A /* Build configuration list for PBXNativeTarget "DeepDishWidget" */;
			buildPhases = (
				5A8195C72D614E240048354A /* Sources */,
				5A8195C82D614E240048354A /* Frameworks */,
				5A8195C92D614E240048354A /* Resources */,
			);
			buildRules = (
			);
			dependencies = (
				5A0902732D6339FE00A1E387 /* PBXTargetDependency */,
			);
			fileSystemSynchronizedGroups = (
				5A8195CE2D614E240048354A /* DeepDishWidget */,
			);
			name = DeepDishWidget;
			packageProductDependencies = (
			);
			productName = ScheduleWidgetExtension;
			productReference = 5A8195CB2D614E240048354A /* DeepDishWidget.appex */;
			productType = "com.apple.product-type.app-extension";
		};
		DE6F23442D6A533B003C0319 /* ScheduleAppClip */ = {
			isa = PBXNativeTarget;
			buildConfigurationList = DE6F23552D6A533F003C0319 /* Build configuration list for PBXNativeTarget "ScheduleAppClip" */;
			buildPhases = (
				DE6F23412D6A533B003C0319 /* Sources */,
				DE6F23422D6A533B003C0319 /* Frameworks */,
				DE6F23432D6A533B003C0319 /* Resources */,
				DE9F8FBA2D6A8081002517D1 /* Embed Frameworks */,
			);
			buildRules = (
			);
			dependencies = (
			);
			fileSystemSynchronizedGroups = (
				DE6F23462D6A533B003C0319 /* ScheduleAppClip */,
			);
			name = ScheduleAppClip;
			packageProductDependencies = (
			);
			productName = ScheduleAppClip;
			productReference = DE6F23452D6A533B003C0319 /* ScheduleAppClip.app */;
			productType = "com.apple.product-type.application.on-demand-install-capable";
		};
/* End PBXNativeTarget section */

/* Begin PBXProject section */
		5A3EFAFA29F7D53200D75F5E /* Project object */ = {
			isa = PBXProject;
			attributes = {
				BuildIndependentTargetsInParallel = 1;
				LastSwiftUpdateCheck = 1600;
				LastUpgradeCheck = 1620;
				TargetAttributes = {
					5A28A8FF29F803B100B02EE6 = {
						CreatedOnToolsVersion = 14.3;
						TestTargetID = 5A3EFB0129F7D53200D75F5E;
					};
					5A3EFB0129F7D53200D75F5E = {
						CreatedOnToolsVersion = 14.3;
					};
					5A81953D2D61493D0048354A = {
						CreatedOnToolsVersion = 16.2;
					};
					5A8195442D61493D0048354A = {
						CreatedOnToolsVersion = 16.2;
						TestTargetID = 5A3EFB0129F7D53200D75F5E;
					};
					5A8195CA2D614E240048354A = {
						CreatedOnToolsVersion = 16.2;
					};
					DE6F23442D6A533B003C0319 = {
						CreatedOnToolsVersion = 16.0;
					};
				};
			};
			buildConfigurationList = 5A3EFAFD29F7D53200D75F5E /* Build configuration list for PBXProject "DeepDishLie" */;
			compatibilityVersion = "Xcode 14.0";
			developmentRegion = en;
			hasScannedForEncodings = 0;
			knownRegions = (
				en,
				Base,
			);
			mainGroup = 5A3EFAF929F7D53200D75F5E;
			packageReferences = (
				5A28DB432BE294910047A8CF /* XCRemoteSwiftPackageReference "ConfettiSwiftUI" */,
				5A28DB722BE5FB5F0047A8CF /* XCRemoteSwiftPackageReference "SwiftSDK" */,
			);
			productRefGroup = 5A3EFB0329F7D53200D75F5E /* Products */;
			projectDirPath = "";
			projectRoot = "";
			targets = (
				5A3EFB0129F7D53200D75F5E /* DeepDishLie */,
				5A8195CA2D614E240048354A /* DeepDishWidget */,
				5A81953D2D61493D0048354A /* DeepDishCore */,
				5A8195442D61493D0048354A /* DeepDishCoreTests */,
				5A28A8FF29F803B100B02EE6 /* DeepDishLieSnapshots */,
				DE6F23442D6A533B003C0319 /* ScheduleAppClip */,
			);
		};
/* End PBXProject section */

/* Begin PBXResourcesBuildPhase section */
		5A28A8FE29F803B100B02EE6 /* Resources */ = {
			isa = PBXResourcesBuildPhase;
			buildActionMask = 2147483647;
			files = (
			);
			runOnlyForDeploymentPostprocessing = 0;
		};
		5A3EFB0029F7D53200D75F5E /* Resources */ = {
			isa = PBXResourcesBuildPhase;
			buildActionMask = 2147483647;
			files = (
			);
			runOnlyForDeploymentPostprocessing = 0;
		};
		5A81953C2D61493D0048354A /* Resources */ = {
			isa = PBXResourcesBuildPhase;
			buildActionMask = 2147483647;
			files = (
			);
			runOnlyForDeploymentPostprocessing = 0;
		};
		5A8195432D61493D0048354A /* Resources */ = {
			isa = PBXResourcesBuildPhase;
			buildActionMask = 2147483647;
			files = (
			);
			runOnlyForDeploymentPostprocessing = 0;
		};
		5A8195C92D614E240048354A /* Resources */ = {
			isa = PBXResourcesBuildPhase;
			buildActionMask = 2147483647;
			files = (
			);
			runOnlyForDeploymentPostprocessing = 0;
		};
		DE6F23432D6A533B003C0319 /* Resources */ = {
			isa = PBXResourcesBuildPhase;
			buildActionMask = 2147483647;
			files = (
			);
			runOnlyForDeploymentPostprocessing = 0;
		};
/* End PBXResourcesBuildPhase section */

/* Begin PBXSourcesBuildPhase section */
		5A28A8FC29F803B100B02EE6 /* Sources */ = {
			isa = PBXSourcesBuildPhase;
			buildActionMask = 2147483647;
			files = (
				5A28A90329F803B100B02EE6 /* DeepDishLieSnapshots.swift in Sources */,
				5A28A90C29F803DF00B02EE6 /* SnapshotHelper.swift in Sources */,
			);
			runOnlyForDeploymentPostprocessing = 0;
		};
		5A3EFAFE29F7D53200D75F5E /* Sources */ = {
			isa = PBXSourcesBuildPhase;
			buildActionMask = 2147483647;
			files = (
			);
			runOnlyForDeploymentPostprocessing = 0;
		};
		5A81953A2D61493D0048354A /* Sources */ = {
			isa = PBXSourcesBuildPhase;
			buildActionMask = 2147483647;
			files = (
			);
			runOnlyForDeploymentPostprocessing = 0;
		};
		5A8195412D61493D0048354A /* Sources */ = {
			isa = PBXSourcesBuildPhase;
			buildActionMask = 2147483647;
			files = (
			);
			runOnlyForDeploymentPostprocessing = 0;
		};
		5A8195C72D614E240048354A /* Sources */ = {
			isa = PBXSourcesBuildPhase;
			buildActionMask = 2147483647;
			files = (
			);
			runOnlyForDeploymentPostprocessing = 0;
		};
		DE6F23412D6A533B003C0319 /* Sources */ = {
			isa = PBXSourcesBuildPhase;
			buildActionMask = 2147483647;
			files = (
			);
			runOnlyForDeploymentPostprocessing = 0;
		};
/* End PBXSourcesBuildPhase section */

/* Begin PBXTargetDependency section */
		5A0902732D6339FE00A1E387 /* PBXTargetDependency */ = {
			isa = PBXTargetDependency;
			target = 5A81953D2D61493D0048354A /* DeepDishCore */;
			targetProxy = 5A0902722D6339FE00A1E387 /* PBXContainerItemProxy */;
		};
		5A28A90729F803B100B02EE6 /* PBXTargetDependency */ = {
			isa = PBXTargetDependency;
			target = 5A3EFB0129F7D53200D75F5E /* DeepDishLie */;
			targetProxy = 5A28A90629F803B100B02EE6 /* PBXContainerItemProxy */;
		};
		5A8195482D61493D0048354A /* PBXTargetDependency */ = {
			isa = PBXTargetDependency;
			target = 5A81953D2D61493D0048354A /* DeepDishCore */;
			targetProxy = 5A8195472D61493D0048354A /* PBXContainerItemProxy */;
		};
		5A81954A2D61493D0048354A /* PBXTargetDependency */ = {
			isa = PBXTargetDependency;
			target = 5A3EFB0129F7D53200D75F5E /* DeepDishLie */;
			targetProxy = 5A8195492D61493D0048354A /* PBXContainerItemProxy */;
		};
		5A8195502D61493D0048354A /* PBXTargetDependency */ = {
			isa = PBXTargetDependency;
			target = 5A81953D2D61493D0048354A /* DeepDishCore */;
			targetProxy = 5A81954F2D61493D0048354A /* PBXContainerItemProxy */;
		};
		5A8195D72D614E250048354A /* PBXTargetDependency */ = {
			isa = PBXTargetDependency;
			target = 5A8195CA2D614E240048354A /* DeepDishWidget */;
			targetProxy = 5A8195D62D614E250048354A /* PBXContainerItemProxy */;
		};
		DE6F23532D6A533F003C0319 /* PBXTargetDependency */ = {
			isa = PBXTargetDependency;
			target = DE6F23442D6A533B003C0319 /* ScheduleAppClip */;
			targetProxy = DE6F23522D6A533F003C0319 /* PBXContainerItemProxy */;
		};
/* End PBXTargetDependency section */

/* Begin XCBuildConfiguration section */
		5A28A90929F803B100B02EE6 /* Debug */ = {
			isa = XCBuildConfiguration;
			baseConfigurationReferenceAnchor = 5A09047F2D63D81800A1E387 /* Configuration */;
			baseConfigurationReferenceRelativePath = "DeepDishLieSnapshots/DeepDishLieSnapshots-Debug.xcconfig";
			buildSettings = {
				CODE_SIGN_STYLE = Manual;
				DEVELOPMENT_TEAM = "";
				PROVISIONING_PROFILE_SPECIFIER = "";
			};
			name = Debug;
		};
		5A28A90A29F803B100B02EE6 /* Release */ = {
			isa = XCBuildConfiguration;
			baseConfigurationReferenceAnchor = 5A09047F2D63D81800A1E387 /* Configuration */;
			baseConfigurationReferenceRelativePath = "DeepDishLieSnapshots/DeepDishLieSnapshots-Release.xcconfig";
			buildSettings = {
				CODE_SIGN_STYLE = Manual;
				DEVELOPMENT_TEAM = "";
				PROVISIONING_PROFILE_SPECIFIER = "";
			};
			name = Release;
		};
		5A3EFB0F29F7D53300D75F5E /* Debug */ = {
			isa = XCBuildConfiguration;
			baseConfigurationReferenceAnchor = 5A09047F2D63D81800A1E387 /* Configuration */;
			baseConfigurationReferenceRelativePath = "Project-Debug.xcconfig";
			buildSettings = {
				ALWAYS_SEARCH_USER_PATHS = NO;
				ASSETCATALOG_COMPILER_GENERATE_SWIFT_ASSET_SYMBOL_EXTENSIONS = YES;
				CLANG_ANALYZER_NONNULL = YES;
				CLANG_ANALYZER_NUMBER_OBJECT_CONVERSION = YES_AGGRESSIVE;
				CLANG_CXX_LANGUAGE_STANDARD = "gnu++20";
				CLANG_ENABLE_MODULES = YES;
				CLANG_ENABLE_OBJC_ARC = YES;
				CLANG_ENABLE_OBJC_WEAK = YES;
				CLANG_WARN_BLOCK_CAPTURE_AUTORELEASING = YES;
				CLANG_WARN_BOOL_CONVERSION = YES;
				CLANG_WARN_COMMA = YES;
				CLANG_WARN_CONSTANT_CONVERSION = YES;
				CLANG_WARN_DEPRECATED_OBJC_IMPLEMENTATIONS = YES;
				CLANG_WARN_DIRECT_OBJC_ISA_USAGE = YES_ERROR;
				CLANG_WARN_DOCUMENTATION_COMMENTS = YES;
				CLANG_WARN_EMPTY_BODY = YES;
				CLANG_WARN_ENUM_CONVERSION = YES;
				CLANG_WARN_INFINITE_RECURSION = YES;
				CLANG_WARN_INT_CONVERSION = YES;
				CLANG_WARN_NON_LITERAL_NULL_CONVERSION = YES;
				CLANG_WARN_OBJC_IMPLICIT_RETAIN_SELF = YES;
				CLANG_WARN_OBJC_LITERAL_CONVERSION = YES;
				CLANG_WARN_OBJC_ROOT_CLASS = YES_ERROR;
				CLANG_WARN_QUOTED_INCLUDE_IN_FRAMEWORK_HEADER = YES;
				CLANG_WARN_RANGE_LOOP_ANALYSIS = YES;
				CLANG_WARN_STRICT_PROTOTYPES = YES;
				CLANG_WARN_SUSPICIOUS_MOVE = YES;
				CLANG_WARN_UNGUARDED_AVAILABILITY = YES_AGGRESSIVE;
				CLANG_WARN_UNREACHABLE_CODE = YES;
				CLANG_WARN__DUPLICATE_METHOD_MATCH = YES;
				COPY_PHASE_STRIP = NO;
				CURRENT_PROJECT_VERSION = 1;
				DEAD_CODE_STRIPPING = YES;
				DEBUG_INFORMATION_FORMAT = dwarf;
				DEVELOPMENT_TEAM = R7YA4RGA8U;
				ENABLE_STRICT_OBJC_MSGSEND = YES;
				ENABLE_TESTABILITY = YES;
				ENABLE_USER_SCRIPT_SANDBOXING = YES;
				GCC_C_LANGUAGE_STANDARD = gnu11;
				GCC_NO_COMMON_BLOCKS = YES;
				GCC_OPTIMIZATION_LEVEL = 0;
				GCC_PREPROCESSOR_DEFINITIONS = (
					"DEBUG=1",
					"$(inherited)",
				);
				GCC_WARN_64_TO_32_BIT_CONVERSION = YES;
				GCC_WARN_ABOUT_RETURN_TYPE = YES_ERROR;
				GCC_WARN_UNDECLARED_SELECTOR = YES;
				GCC_WARN_UNINITIALIZED_AUTOS = YES_AGGRESSIVE;
				GCC_WARN_UNUSED_FUNCTION = YES;
				GCC_WARN_UNUSED_VARIABLE = YES;
				IPHONEOS_DEPLOYMENT_TARGET = 17.6;
				MACOSX_DEPLOYMENT_TARGET = 14.6;
				MARKETING_VERSION = 3.1;
				MTL_ENABLE_DEBUG_INFO = INCLUDE_SOURCE;
				MTL_FAST_MATH = YES;
				ONLY_ACTIVE_ARCH = YES;
				SUPPORTS_MACCATALYST = "";
				SWIFT_ACTIVE_COMPILATION_CONDITIONS = DEBUG;
				SWIFT_OPTIMIZATION_LEVEL = "-Onone";
				SWIFT_VERSION = 5.0;
				TVOS_DEPLOYMENT_TARGET = 17.6;
				VERSIONING_SYSTEM = "apple-generic";
				XROS_DEPLOYMENT_TARGET = 2.0;
			};
			name = Debug;
		};
		5A3EFB1029F7D53300D75F5E /* Release */ = {
			isa = XCBuildConfiguration;
			baseConfigurationReferenceAnchor = 5A09047F2D63D81800A1E387 /* Configuration */;
			baseConfigurationReferenceRelativePath = "Project-Release.xcconfig";
			buildSettings = {
				ALWAYS_SEARCH_USER_PATHS = NO;
				ASSETCATALOG_COMPILER_GENERATE_SWIFT_ASSET_SYMBOL_EXTENSIONS = YES;
				CLANG_ANALYZER_NONNULL = YES;
				CLANG_ANALYZER_NUMBER_OBJECT_CONVERSION = YES_AGGRESSIVE;
				CLANG_CXX_LANGUAGE_STANDARD = "gnu++20";
				CLANG_ENABLE_MODULES = YES;
				CLANG_ENABLE_OBJC_ARC = YES;
				CLANG_ENABLE_OBJC_WEAK = YES;
				CLANG_WARN_BLOCK_CAPTURE_AUTORELEASING = YES;
				CLANG_WARN_BOOL_CONVERSION = YES;
				CLANG_WARN_COMMA = YES;
				CLANG_WARN_CONSTANT_CONVERSION = YES;
				CLANG_WARN_DEPRECATED_OBJC_IMPLEMENTATIONS = YES;
				CLANG_WARN_DIRECT_OBJC_ISA_USAGE = YES_ERROR;
				CLANG_WARN_DOCUMENTATION_COMMENTS = YES;
				CLANG_WARN_EMPTY_BODY = YES;
				CLANG_WARN_ENUM_CONVERSION = YES;
				CLANG_WARN_INFINITE_RECURSION = YES;
				CLANG_WARN_INT_CONVERSION = YES;
				CLANG_WARN_NON_LITERAL_NULL_CONVERSION = YES;
				CLANG_WARN_OBJC_IMPLICIT_RETAIN_SELF = YES;
				CLANG_WARN_OBJC_LITERAL_CONVERSION = YES;
				CLANG_WARN_OBJC_ROOT_CLASS = YES_ERROR;
				CLANG_WARN_QUOTED_INCLUDE_IN_FRAMEWORK_HEADER = YES;
				CLANG_WARN_RANGE_LOOP_ANALYSIS = YES;
				CLANG_WARN_STRICT_PROTOTYPES = YES;
				CLANG_WARN_SUSPICIOUS_MOVE = YES;
				CLANG_WARN_UNGUARDED_AVAILABILITY = YES_AGGRESSIVE;
				CLANG_WARN_UNREACHABLE_CODE = YES;
				CLANG_WARN__DUPLICATE_METHOD_MATCH = YES;
				COPY_PHASE_STRIP = NO;
				CURRENT_PROJECT_VERSION = 1;
				DEAD_CODE_STRIPPING = YES;
				DEBUG_INFORMATION_FORMAT = "dwarf-with-dsym";
				DEVELOPMENT_TEAM = R7YA4RGA8U;
				ENABLE_NS_ASSERTIONS = NO;
				ENABLE_STRICT_OBJC_MSGSEND = YES;
				ENABLE_USER_SCRIPT_SANDBOXING = YES;
				GCC_C_LANGUAGE_STANDARD = gnu11;
				GCC_NO_COMMON_BLOCKS = YES;
				GCC_WARN_64_TO_32_BIT_CONVERSION = YES;
				GCC_WARN_ABOUT_RETURN_TYPE = YES_ERROR;
				GCC_WARN_UNDECLARED_SELECTOR = YES;
				GCC_WARN_UNINITIALIZED_AUTOS = YES_AGGRESSIVE;
				GCC_WARN_UNUSED_FUNCTION = YES;
				GCC_WARN_UNUSED_VARIABLE = YES;
				IPHONEOS_DEPLOYMENT_TARGET = 17.6;
				MACOSX_DEPLOYMENT_TARGET = 14.6;
				MARKETING_VERSION = 3.1;
				MTL_ENABLE_DEBUG_INFO = NO;
				MTL_FAST_MATH = YES;
				SUPPORTS_MACCATALYST = "";
				SWIFT_COMPILATION_MODE = wholemodule;
				SWIFT_VERSION = 5.0;
				TVOS_DEPLOYMENT_TARGET = 17.6;
				VERSIONING_SYSTEM = "apple-generic";
				XROS_DEPLOYMENT_TARGET = 2.0;
			};
			name = Release;
		};
		5A3EFB1229F7D53300D75F5E /* Debug */ = {
			isa = XCBuildConfiguration;
			baseConfigurationReferenceAnchor = 5A09047F2D63D81800A1E387 /* Configuration */;
			baseConfigurationReferenceRelativePath = "DeepDishLie/DeepDishLie-Debug.xcconfig";
			buildSettings = {
				CODE_SIGN_STYLE = Manual;
				DEVELOPMENT_TEAM = "";
				"DEVELOPMENT_TEAM[sdk=iphoneos*]" = R7YA4RGA8U;
				PROVISIONING_PROFILE_SPECIFIER = "";
				"PROVISIONING_PROFILE_SPECIFIER[sdk=iphoneos*]" = DeepDishLe;
			};
			name = Debug;
		};
		5A3EFB1329F7D53300D75F5E /* Release */ = {
			isa = XCBuildConfiguration;
			baseConfigurationReferenceAnchor = 5A09047F2D63D81800A1E387 /* Configuration */;
			baseConfigurationReferenceRelativePath = "DeepDishLie/DeepDishLie-Release.xcconfig";
			buildSettings = {
				CODE_SIGN_STYLE = Manual;
				DEVELOPMENT_TEAM = "";
				"DEVELOPMENT_TEAM[sdk=iphoneos*]" = R7YA4RGA8U;
				PROVISIONING_PROFILE_SPECIFIER = "";
				"PROVISIONING_PROFILE_SPECIFIER[sdk=iphoneos*]" = DeepDishLe;
			};
			name = Release;
		};
		5A8195542D61493D0048354A /* Debug */ = {
			isa = XCBuildConfiguration;
			baseConfigurationReferenceAnchor = 5A09047F2D63D81800A1E387 /* Configuration */;
			baseConfigurationReferenceRelativePath = "DeepDishCore/DeepDishCore-Debug.xcconfig";
			buildSettings = {
				CODE_SIGN_IDENTITY = "Apple Development";
				"DEVELOPMENT_TEAM[sdk=iphoneos*]" = "";
			};
			name = Debug;
		};
		5A8195552D61493D0048354A /* Release */ = {
			isa = XCBuildConfiguration;
			baseConfigurationReferenceAnchor = 5A09047F2D63D81800A1E387 /* Configuration */;
			baseConfigurationReferenceRelativePath = "DeepDishCore/DeepDishCore-Release.xcconfig";
			buildSettings = {
				CODE_SIGN_IDENTITY = "Apple Development";
				"DEVELOPMENT_TEAM[sdk=iphoneos*]" = "";
			};
			name = Release;
		};
		5A8195592D61493D0048354A /* Debug */ = {
			isa = XCBuildConfiguration;
			baseConfigurationReferenceAnchor = 5A09047F2D63D81800A1E387 /* Configuration */;
			baseConfigurationReferenceRelativePath = "DeepDishCoreTests/DeepDishCoreTests-Debug.xcconfig";
			buildSettings = {
				CODE_SIGN_STYLE = Manual;
				DEVELOPMENT_TEAM = "";
				PROVISIONING_PROFILE_SPECIFIER = "";
			};
			name = Debug;
		};
		5A81955A2D61493D0048354A /* Release */ = {
			isa = XCBuildConfiguration;
			baseConfigurationReferenceAnchor = 5A09047F2D63D81800A1E387 /* Configuration */;
			baseConfigurationReferenceRelativePath = "DeepDishCoreTests/DeepDishCoreTests-Release.xcconfig";
			buildSettings = {
				CODE_SIGN_STYLE = Manual;
				DEVELOPMENT_TEAM = "";
				PROVISIONING_PROFILE_SPECIFIER = "";
			};
			name = Release;
		};
		5A8195D92D614E250048354A /* Debug */ = {
			isa = XCBuildConfiguration;
			baseConfigurationReferenceAnchor = 5A09047F2D63D81800A1E387 /* Configuration */;
			baseConfigurationReferenceRelativePath = "DeepDishWidget/DeepDishWidget-Debug.xcconfig";
			buildSettings = {
				"CODE_SIGN_IDENTITY[sdk=iphoneos*]" = "iPhone Developer";
				CODE_SIGN_STYLE = Manual;
				DEVELOPMENT_TEAM = "";
				"DEVELOPMENT_TEAM[sdk=iphoneos*]" = R7YA4RGA8U;
				PROVISIONING_PROFILE_SPECIFIER = "";
				"PROVISIONING_PROFILE_SPECIFIER[sdk=iphoneos*]" = DeepDishWidget;
			};
			name = Debug;
		};
		5A8195DA2D614E250048354A /* Release */ = {
			isa = XCBuildConfiguration;
			baseConfigurationReferenceAnchor = 5A09047F2D63D81800A1E387 /* Configuration */;
			baseConfigurationReferenceRelativePath = "DeepDishWidget/DeepDishWidget-Release.xcconfig";
			buildSettings = {
				"CODE_SIGN_IDENTITY[sdk=iphoneos*]" = "iPhone Developer";
				CODE_SIGN_STYLE = Manual;
				DEVELOPMENT_TEAM = "";
				"DEVELOPMENT_TEAM[sdk=iphoneos*]" = R7YA4RGA8U;
				PROVISIONING_PROFILE_SPECIFIER = "";
				"PROVISIONING_PROFILE_SPECIFIER[sdk=iphoneos*]" = DeepDishWidget;
			};
			name = Release;
		};
		DE6F23562D6A533F003C0319 /* Debug */ = {
			isa = XCBuildConfiguration;
			buildSettings = {
				ASSETCATALOG_COMPILER_APPICON_NAME = AppIcon;
				ASSETCATALOG_COMPILER_GLOBAL_ACCENT_COLOR_NAME = AccentColor;
				CODE_SIGN_ENTITLEMENTS = ScheduleAppClip/ScheduleAppClip.entitlements;
				"CODE_SIGN_IDENTITY[sdk=iphoneos*]" = "iPhone Developer";
				CODE_SIGN_STYLE = Manual;
				CURRENT_PROJECT_VERSION = 1;
				DEVELOPMENT_ASSET_PATHS = "\"ScheduleAppClip/Preview Content\"";
				DEVELOPMENT_TEAM = "";
				"DEVELOPMENT_TEAM[sdk=iphoneos*]" = R7YA4RGA8U;
				ENABLE_PREVIEWS = YES;
				GCC_C_LANGUAGE_STANDARD = gnu17;
				GCC_DYNAMIC_NO_PIC = NO;
				GENERATE_INFOPLIST_FILE = YES;
				INFOPLIST_FILE = ScheduleAppClip/Info.plist;
				INFOPLIST_KEY_CFBundleDisplayName = DeepDishLie;
				INFOPLIST_KEY_UIApplicationSceneManifest_Generation = YES;
				INFOPLIST_KEY_UIApplicationSupportsIndirectInputEvents = YES;
				INFOPLIST_KEY_UILaunchScreen_Generation = YES;
				INFOPLIST_KEY_UILaunchStoryboardName = LaunchScreen.storyboard;
				INFOPLIST_KEY_UISupportedInterfaceOrientations_iPad = "UIInterfaceOrientationPortrait UIInterfaceOrientationPortraitUpsideDown UIInterfaceOrientationLandscapeLeft UIInterfaceOrientationLandscapeRight";
				INFOPLIST_KEY_UISupportedInterfaceOrientations_iPhone = "UIInterfaceOrientationPortrait UIInterfaceOrientationLandscapeLeft UIInterfaceOrientationLandscapeRight";
				IPHONEOS_DEPLOYMENT_TARGET = 18.0;
				LD_RUNPATH_SEARCH_PATHS = (
					"$(inherited)",
					"@executable_path/Frameworks",
				);
				LOCALIZATION_PREFERS_STRING_CATALOGS = YES;
				MARKETING_VERSION = 3.1;
				PRODUCT_BUNDLE_IDENTIFIER = com.CoolYellowOwl.DeepDishLie.Clip;
				PRODUCT_NAME = "$(TARGET_NAME)";
				PROVISIONING_PROFILE_SPECIFIER = "";
				"PROVISIONING_PROFILE_SPECIFIER[sdk=iphoneos*]" = DeepDishAppClip;
				SDKROOT = iphoneos;
				SWIFT_ACTIVE_COMPILATION_CONDITIONS = "DEBUG $(inherited)";
				SWIFT_EMIT_LOC_STRINGS = YES;
				SWIFT_VERSION = 5.0;
				TARGETED_DEVICE_FAMILY = "1,2";
			};
			name = Debug;
		};
		DE6F23572D6A533F003C0319 /* Release */ = {
			isa = XCBuildConfiguration;
			buildSettings = {
				ASSETCATALOG_COMPILER_APPICON_NAME = AppIcon;
				ASSETCATALOG_COMPILER_GLOBAL_ACCENT_COLOR_NAME = AccentColor;
				CODE_SIGN_ENTITLEMENTS = ScheduleAppClip/ScheduleAppClip.entitlements;
				"CODE_SIGN_IDENTITY[sdk=iphoneos*]" = "iPhone Developer";
				CODE_SIGN_STYLE = Manual;
				CURRENT_PROJECT_VERSION = 1;
				DEVELOPMENT_ASSET_PATHS = "\"ScheduleAppClip/Preview Content\"";
				DEVELOPMENT_TEAM = "";
				"DEVELOPMENT_TEAM[sdk=iphoneos*]" = R7YA4RGA8U;
				ENABLE_PREVIEWS = YES;
				GCC_C_LANGUAGE_STANDARD = gnu17;
				GENERATE_INFOPLIST_FILE = YES;
				INFOPLIST_FILE = ScheduleAppClip/Info.plist;
				INFOPLIST_KEY_CFBundleDisplayName = DeepDishLie;
				INFOPLIST_KEY_UIApplicationSceneManifest_Generation = YES;
				INFOPLIST_KEY_UIApplicationSupportsIndirectInputEvents = YES;
				INFOPLIST_KEY_UILaunchScreen_Generation = YES;
				INFOPLIST_KEY_UILaunchStoryboardName = LaunchScreen.storyboard;
				INFOPLIST_KEY_UISupportedInterfaceOrientations_iPad = "UIInterfaceOrientationPortrait UIInterfaceOrientationPortraitUpsideDown UIInterfaceOrientationLandscapeLeft UIInterfaceOrientationLandscapeRight";
				INFOPLIST_KEY_UISupportedInterfaceOrientations_iPhone = "UIInterfaceOrientationPortrait UIInterfaceOrientationLandscapeLeft UIInterfaceOrientationLandscapeRight";
				IPHONEOS_DEPLOYMENT_TARGET = 18.0;
				LD_RUNPATH_SEARCH_PATHS = (
					"$(inherited)",
					"@executable_path/Frameworks",
				);
				LOCALIZATION_PREFERS_STRING_CATALOGS = YES;
				MARKETING_VERSION = 3.1;
				PRODUCT_BUNDLE_IDENTIFIER = com.CoolYellowOwl.DeepDishLie.Clip;
				PRODUCT_NAME = "$(TARGET_NAME)";
				PROVISIONING_PROFILE_SPECIFIER = "";
				"PROVISIONING_PROFILE_SPECIFIER[sdk=iphoneos*]" = DeepDishAppClip;
				SDKROOT = iphoneos;
				SWIFT_EMIT_LOC_STRINGS = YES;
				SWIFT_VERSION = 5.0;
				TARGETED_DEVICE_FAMILY = "1,2";
				VALIDATE_PRODUCT = YES;
			};
			name = Release;
		};
/* End XCBuildConfiguration section */

/* Begin XCConfigurationList section */
		5A28A90829F803B100B02EE6 /* Build configuration list for PBXNativeTarget "DeepDishLieSnapshots" */ = {
			isa = XCConfigurationList;
			buildConfigurations = (
				5A28A90929F803B100B02EE6 /* Debug */,
				5A28A90A29F803B100B02EE6 /* Release */,
			);
			defaultConfigurationIsVisible = 0;
			defaultConfigurationName = Release;
		};
		5A3EFAFD29F7D53200D75F5E /* Build configuration list for PBXProject "DeepDishLie" */ = {
			isa = XCConfigurationList;
			buildConfigurations = (
				5A3EFB0F29F7D53300D75F5E /* Debug */,
				5A3EFB1029F7D53300D75F5E /* Release */,
			);
			defaultConfigurationIsVisible = 0;
			defaultConfigurationName = Release;
		};
		5A3EFB1129F7D53300D75F5E /* Build configuration list for PBXNativeTarget "DeepDishLie" */ = {
			isa = XCConfigurationList;
			buildConfigurations = (
				5A3EFB1229F7D53300D75F5E /* Debug */,
				5A3EFB1329F7D53300D75F5E /* Release */,
			);
			defaultConfigurationIsVisible = 0;
			defaultConfigurationName = Release;
		};
		5A8195532D61493D0048354A /* Build configuration list for PBXNativeTarget "DeepDishCore" */ = {
			isa = XCConfigurationList;
			buildConfigurations = (
				5A8195542D61493D0048354A /* Debug */,
				5A8195552D61493D0048354A /* Release */,
			);
			defaultConfigurationIsVisible = 0;
			defaultConfigurationName = Release;
		};
		5A8195582D61493D0048354A /* Build configuration list for PBXNativeTarget "DeepDishCoreTests" */ = {
			isa = XCConfigurationList;
			buildConfigurations = (
				5A8195592D61493D0048354A /* Debug */,
				5A81955A2D61493D0048354A /* Release */,
			);
			defaultConfigurationIsVisible = 0;
			defaultConfigurationName = Release;
		};
		5A8195DB2D614E250048354A /* Build configuration list for PBXNativeTarget "DeepDishWidget" */ = {
			isa = XCConfigurationList;
			buildConfigurations = (
				5A8195D92D614E250048354A /* Debug */,
				5A8195DA2D614E250048354A /* Release */,
			);
			defaultConfigurationIsVisible = 0;
			defaultConfigurationName = Release;
		};
		DE6F23552D6A533F003C0319 /* Build configuration list for PBXNativeTarget "ScheduleAppClip" */ = {
			isa = XCConfigurationList;
			buildConfigurations = (
				DE6F23562D6A533F003C0319 /* Debug */,
				DE6F23572D6A533F003C0319 /* Release */,
			);
			defaultConfigurationIsVisible = 0;
			defaultConfigurationName = Release;
		};
/* End XCConfigurationList section */

/* Begin XCRemoteSwiftPackageReference section */
		5A28DB432BE294910047A8CF /* XCRemoteSwiftPackageReference "ConfettiSwiftUI" */ = {
			isa = XCRemoteSwiftPackageReference;
			repositoryURL = "https://github.com/simibac/ConfettiSwiftUI";
			requirement = {
				kind = upToNextMajorVersion;
				minimumVersion = 2.0.0;
			};
		};
		5A28DB722BE5FB5F0047A8CF /* XCRemoteSwiftPackageReference "SwiftSDK" */ = {
			isa = XCRemoteSwiftPackageReference;
			repositoryURL = "https://github.com/TelemetryDeck/SwiftSDK";
			requirement = {
				kind = upToNextMajorVersion;
				minimumVersion = 2.7.2;
			};
		};
/* End XCRemoteSwiftPackageReference section */

/* Begin XCSwiftPackageProductDependency section */
		5A28DB442BE294910047A8CF /* ConfettiSwiftUI */ = {
			isa = XCSwiftPackageProductDependency;
			package = 5A28DB432BE294910047A8CF /* XCRemoteSwiftPackageReference "ConfettiSwiftUI" */;
			productName = ConfettiSwiftUI;
		};
		5A28DB732BE5FB5F0047A8CF /* TelemetryClient */ = {
			isa = XCSwiftPackageProductDependency;
			package = 5A28DB722BE5FB5F0047A8CF /* XCRemoteSwiftPackageReference "SwiftSDK" */;
			productName = TelemetryClient;
		};
/* End XCSwiftPackageProductDependency section */
	};
	rootObject = 5A3EFAFA29F7D53200D75F5E /* Project object */;
}
