// !$*UTF8*$!
{
	archiveVersion = 1;
	classes = {
	};
	objectVersion = 71;
	objects = {

/* Begin PBXBuildFile section */
		5A0902702D6339FE00A1E387 /* DeepDishCore.framework in Frameworks */ = {isa = PBXBuildFile; fileRef = 5A81953E2D61493D0048354A /* DeepDishCore.framework */; };
		5A0A6ECC2D9D382400C4CAC3 /* DeepDishCore.framework in Frameworks */ = {isa = PBXBuildFile; fileRef = 5A81953E2D61493D0048354A /* DeepDishCore.framework */; };
		5A0A6ECD2D9D382400C4CAC3 /* TelemetryDeck in Frameworks */ = {isa = PBXBuildFile; productRef = 5A0A6EC72D9D382400C4CAC3 /* TelemetryDeck */; };
		5A0A6ED82D9D389700C4CAC3 /* DeepDishWidgetCore.framework in Frameworks */ = {isa = PBXBuildFile; fileRef = 5A0A6ED22D9D382400C4CAC3 /* DeepDishWidgetCore.framework */; };
		5A0A6EDD2D9D38A100C4CAC3 /* DeepDishWidgetCore.framework in Frameworks */ = {isa = PBXBuildFile; fileRef = 5A0A6ED22D9D382400C4CAC3 /* DeepDishWidgetCore.framework */; platformFilters = (ios, macos, xros, ); };
		5A0A6EDE2D9D38A100C4CAC3 /* DeepDishWidgetCore.framework in Embed Frameworks */ = {isa = PBXBuildFile; fileRef = 5A0A6ED22D9D382400C4CAC3 /* DeepDishWidgetCore.framework */; platformFilters = (ios, macos, xros, ); settings = {ATTRIBUTES = (CodeSignOnCopy, RemoveHeadersOnCopy, ); }; };
		5A28A90329F803B100B02EE6 /* DeepDishSnapshots.swift in Sources */ = {isa = PBXBuildFile; fileRef = 5A28A90229F803B100B02EE6 /* DeepDishSnapshots.swift */; };
		5A28A90C29F803DF00B02EE6 /* SnapshotHelper.swift in Sources */ = {isa = PBXBuildFile; fileRef = 5A28A90B29F803DF00B02EE6 /* SnapshotHelper.swift */; };
		5A8195462D61493D0048354A /* DeepDishCore.framework in Frameworks */ = {isa = PBXBuildFile; fileRef = 5A81953E2D61493D0048354A /* DeepDishCore.framework */; };
		5A8195512D61493D0048354A /* DeepDishCore.framework in Frameworks */ = {isa = PBXBuildFile; fileRef = 5A81953E2D61493D0048354A /* DeepDishCore.framework */; platformFilters = (ios, macos, tvos, xros, ); };
		5A8195522D61493D0048354A /* DeepDishCore.framework in Embed Frameworks */ = {isa = PBXBuildFile; fileRef = 5A81953E2D61493D0048354A /* DeepDishCore.framework */; platformFilters = (ios, macos, tvos, xros, ); settings = {ATTRIBUTES = (CodeSignOnCopy, RemoveHeadersOnCopy, ); }; };
		5A8195CC2D614E240048354A /* WidgetKit.framework in Frameworks */ = {isa = PBXBuildFile; fileRef = 5A8195212D6147910048354A /* WidgetKit.framework */; };
		5A8195CD2D614E240048354A /* SwiftUI.framework in Frameworks */ = {isa = PBXBuildFile; fileRef = 5A8195232D6147910048354A /* SwiftUI.framework */; };
		5A8195D82D614E250048354A /* DeepDishWidget.appex in Embed Foundation Extensions */ = {isa = PBXBuildFile; fileRef = 5A8195CB2D614E240048354A /* DeepDishWidget.appex */; platformFilters = (ios, macos, xros, ); settings = {ATTRIBUTES = (RemoveHeadersOnCopy, ); }; };
		5AA0A5F82D9D70EC00A115C2 /* ConfettiSwiftUI in Frameworks */ = {isa = PBXBuildFile; platformFilters = (ios, macos, tvos, ); productRef = 5AA0A5F72D9D70EC00A115C2 /* ConfettiSwiftUI */; };
		5AA0A5FA2D9D71CF00A115C2 /* TelemetryDeck in Frameworks */ = {isa = PBXBuildFile; productRef = 5AA0A5F92D9D71CF00A115C2 /* TelemetryDeck */; };
		5AA0A5FC2D9D725100A115C2 /* TelemetryDeck in Frameworks */ = {isa = PBXBuildFile; productRef = 5AA0A5FB2D9D725100A115C2 /* TelemetryDeck */; };
		5AA0A5FE2D9D725600A115C2 /* TelemetryDeck in Frameworks */ = {isa = PBXBuildFile; productRef = 5AA0A5FD2D9D725600A115C2 /* TelemetryDeck */; };
		5AA0A8FA2D9E822700A115C2 /* Defaults in Frameworks */ = {isa = PBXBuildFile; productRef = 5AA0A8F92D9E822700A115C2 /* Defaults */; };
		5AA0C63B2D88BF1400AF6C14 /* DeepDishWatchApp.app in Embed Watch Content */ = {isa = PBXBuildFile; fileRef = 5AA0C62E2D88BF1300AF6C14 /* DeepDishWatchApp.app */; platformFilter = ios; settings = {ATTRIBUTES = (RemoveHeadersOnCopy, ); }; };
		5AA0C66E2D88C2F800AF6C14 /* DeepDishAppCore.framework in Frameworks */ = {isa = PBXBuildFile; fileRef = 5AA0C6682D88C2F800AF6C14 /* DeepDishAppCore.framework */; platformFilters = (ios, macos, tvos, xros, ); };
		5AA0C66F2D88C2F800AF6C14 /* DeepDishAppCore.framework in Embed Frameworks */ = {isa = PBXBuildFile; fileRef = 5AA0C6682D88C2F800AF6C14 /* DeepDishAppCore.framework */; platformFilters = (ios, macos, tvos, xros, ); settings = {ATTRIBUTES = (CodeSignOnCopy, RemoveHeadersOnCopy, ); }; };
		5AA0C6872D88C4A400AF6C14 /* DeepDishCore.framework in Frameworks */ = {isa = PBXBuildFile; fileRef = 5A81953E2D61493D0048354A /* DeepDishCore.framework */; };
		5AA0C68C2D88C4D400AF6C14 /* DeepDishAppCore.framework in Frameworks */ = {isa = PBXBuildFile; fileRef = 5AA0C6682D88C2F800AF6C14 /* DeepDishAppCore.framework */; };
		5AA0C68D2D88C4D400AF6C14 /* DeepDishAppCore.framework in Embed Frameworks */ = {isa = PBXBuildFile; fileRef = 5AA0C6682D88C2F800AF6C14 /* DeepDishAppCore.framework */; settings = {ATTRIBUTES = (CodeSignOnCopy, RemoveHeadersOnCopy, ); }; };
		5AA0C6AF2D88C97700AF6C14 /* TelemetryDeck in Frameworks */ = {isa = PBXBuildFile; productRef = 5AA0C6AE2D88C97700AF6C14 /* TelemetryDeck */; };
		5AA0C6B62D88CCE100AF6C14 /* DeepDishAppCore.framework in Frameworks */ = {isa = PBXBuildFile; fileRef = 5AA0C6682D88C2F800AF6C14 /* DeepDishAppCore.framework */; };
		5AA0C6B72D88CCE100AF6C14 /* DeepDishAppCore.framework in Embed Frameworks */ = {isa = PBXBuildFile; fileRef = 5AA0C6682D88C2F800AF6C14 /* DeepDishAppCore.framework */; settings = {ATTRIBUTES = (CodeSignOnCopy, RemoveHeadersOnCopy, ); }; };
		5AA0C9142D89784300AF6C14 /* DeepDishCore.framework in Frameworks */ = {isa = PBXBuildFile; fileRef = 5A81953E2D61493D0048354A /* DeepDishCore.framework */; };
		5AA0C9152D89784300AF6C14 /* DeepDishCore.framework in Embed Frameworks */ = {isa = PBXBuildFile; fileRef = 5A81953E2D61493D0048354A /* DeepDishCore.framework */; settings = {ATTRIBUTES = (CodeSignOnCopy, RemoveHeadersOnCopy, ); }; };
		DE6F23542D6A533F003C0319 /* DeepDishAppClip.app in Embed App Clips */ = {isa = PBXBuildFile; fileRef = DE6F23452D6A533B003C0319 /* DeepDishAppClip.app */; platformFilter = ios; settings = {ATTRIBUTES = (RemoveHeadersOnCopy, ); }; };
		DE9F8FB82D6A8081002517D1 /* DeepDishCore.framework in Frameworks */ = {isa = PBXBuildFile; fileRef = 5A81953E2D61493D0048354A /* DeepDishCore.framework */; };
		DE9F8FB92D6A8081002517D1 /* DeepDishCore.framework in Embed Frameworks */ = {isa = PBXBuildFile; fileRef = 5A81953E2D61493D0048354A /* DeepDishCore.framework */; settings = {ATTRIBUTES = (CodeSignOnCopy, RemoveHeadersOnCopy, ); }; };
/* End PBXBuildFile section */

/* Begin PBXContainerItemProxy section */
		5A0902722D6339FE00A1E387 /* PBXContainerItemProxy */ = {
			isa = PBXContainerItemProxy;
			containerPortal = 5A3EFAFA29F7D53200D75F5E /* Project object */;
			proxyType = 1;
			remoteGlobalIDString = 5A81953D2D61493D0048354A;
			remoteInfo = DeepDishCore;
		};
		5A0A6EC62D9D382400C4CAC3 /* PBXContainerItemProxy */ = {
			isa = PBXContainerItemProxy;
			containerPortal = 5A3EFAFA29F7D53200D75F5E /* Project object */;
			proxyType = 1;
			remoteGlobalIDString = 5A81953D2D61493D0048354A;
			remoteInfo = DeepDishCore;
		};
		5A0A6EDA2D9D389700C4CAC3 /* PBXContainerItemProxy */ = {
			isa = PBXContainerItemProxy;
			containerPortal = 5A3EFAFA29F7D53200D75F5E /* Project object */;
			proxyType = 1;
			remoteGlobalIDString = 5A0A6EC42D9D382400C4CAC3;
			remoteInfo = DeepDishWidgetCore;
		};
		5A0A6EDF2D9D38A100C4CAC3 /* PBXContainerItemProxy */ = {
			isa = PBXContainerItemProxy;
			containerPortal = 5A3EFAFA29F7D53200D75F5E /* Project object */;
			proxyType = 1;
			remoteGlobalIDString = 5A0A6EC42D9D382400C4CAC3;
			remoteInfo = DeepDishWidgetCore;
		};
		5A28A90629F803B100B02EE6 /* PBXContainerItemProxy */ = {
			isa = PBXContainerItemProxy;
			containerPortal = 5A3EFAFA29F7D53200D75F5E /* Project object */;
			proxyType = 1;
			remoteGlobalIDString = 5A3EFB0129F7D53200D75F5E;
			remoteInfo = DeepDishLie;
		};
		5A8195472D61493D0048354A /* PBXContainerItemProxy */ = {
			isa = PBXContainerItemProxy;
			containerPortal = 5A3EFAFA29F7D53200D75F5E /* Project object */;
			proxyType = 1;
			remoteGlobalIDString = 5A81953D2D61493D0048354A;
			remoteInfo = DeepDishCore;
		};
		5A8195492D61493D0048354A /* PBXContainerItemProxy */ = {
			isa = PBXContainerItemProxy;
			containerPortal = 5A3EFAFA29F7D53200D75F5E /* Project object */;
			proxyType = 1;
			remoteGlobalIDString = 5A3EFB0129F7D53200D75F5E;
			remoteInfo = DeepDishLie;
		};
		5A81954F2D61493D0048354A /* PBXContainerItemProxy */ = {
			isa = PBXContainerItemProxy;
			containerPortal = 5A3EFAFA29F7D53200D75F5E /* Project object */;
			proxyType = 1;
			remoteGlobalIDString = 5A81953D2D61493D0048354A;
			remoteInfo = DeepDishCore;
		};
		5A8195D62D614E250048354A /* PBXContainerItemProxy */ = {
			isa = PBXContainerItemProxy;
			containerPortal = 5A3EFAFA29F7D53200D75F5E /* Project object */;
			proxyType = 1;
			remoteGlobalIDString = 5A8195CA2D614E240048354A;
			remoteInfo = ScheduleWidgetExtension;
		};
		5AA0C6392D88BF1400AF6C14 /* PBXContainerItemProxy */ = {
			isa = PBXContainerItemProxy;
			containerPortal = 5A3EFAFA29F7D53200D75F5E /* Project object */;
			proxyType = 1;
			remoteGlobalIDString = 5AA0C62D2D88BF1300AF6C14;
			remoteInfo = "DeepDishWatchApp Watch App";
		};
		5AA0C66C2D88C2F800AF6C14 /* PBXContainerItemProxy */ = {
			isa = PBXContainerItemProxy;
			containerPortal = 5A3EFAFA29F7D53200D75F5E /* Project object */;
			proxyType = 1;
			remoteGlobalIDString = 5AA0C6672D88C2F800AF6C14;
			remoteInfo = DeepDishAppCore;
		};
		5AA0C6892D88C4A400AF6C14 /* PBXContainerItemProxy */ = {
			isa = PBXContainerItemProxy;
			containerPortal = 5A3EFAFA29F7D53200D75F5E /* Project object */;
			proxyType = 1;
			remoteGlobalIDString = 5A81953D2D61493D0048354A;
			remoteInfo = DeepDishCore;
		};
		5AA0C68E2D88C4D400AF6C14 /* PBXContainerItemProxy */ = {
			isa = PBXContainerItemProxy;
			containerPortal = 5A3EFAFA29F7D53200D75F5E /* Project object */;
			proxyType = 1;
			remoteGlobalIDString = 5AA0C6672D88C2F800AF6C14;
			remoteInfo = DeepDishAppCore;
		};
		5AA0C6B82D88CCE100AF6C14 /* PBXContainerItemProxy */ = {
			isa = PBXContainerItemProxy;
			containerPortal = 5A3EFAFA29F7D53200D75F5E /* Project object */;
			proxyType = 1;
			remoteGlobalIDString = 5AA0C6672D88C2F800AF6C14;
			remoteInfo = DeepDishAppCore;
		};
		5AA0C9162D89784300AF6C14 /* PBXContainerItemProxy */ = {
			isa = PBXContainerItemProxy;
			containerPortal = 5A3EFAFA29F7D53200D75F5E /* Project object */;
			proxyType = 1;
			remoteGlobalIDString = 5A81953D2D61493D0048354A;
			remoteInfo = DeepDishCore;
		};
		DE6F23522D6A533F003C0319 /* PBXContainerItemProxy */ = {
			isa = PBXContainerItemProxy;
			containerPortal = 5A3EFAFA29F7D53200D75F5E /* Project object */;
			proxyType = 1;
			remoteGlobalIDString = DE6F23442D6A533B003C0319;
			remoteInfo = ScheduleAppClip;
		};
/* End PBXContainerItemProxy section */

/* Begin PBXCopyFilesBuildPhase section */
		5A8195342D6147920048354A /* Embed Foundation Extensions */ = {
			isa = PBXCopyFilesBuildPhase;
			buildActionMask = 2147483647;
			dstPath = "";
			dstSubfolderSpec = 13;
			files = (
				5A8195D82D614E250048354A /* DeepDishWidget.appex in Embed Foundation Extensions */,
			);
			name = "Embed Foundation Extensions";
			runOnlyForDeploymentPostprocessing = 0;
		};
		5A8195572D61493D0048354A /* Embed Frameworks */ = {
			isa = PBXCopyFilesBuildPhase;
			buildActionMask = 2147483647;
			dstPath = "";
			dstSubfolderSpec = 10;
			files = (
				5A0A6EDE2D9D38A100C4CAC3 /* DeepDishWidgetCore.framework in Embed Frameworks */,
				5A8195522D61493D0048354A /* DeepDishCore.framework in Embed Frameworks */,
				5AA0C66F2D88C2F800AF6C14 /* DeepDishAppCore.framework in Embed Frameworks */,
			);
			name = "Embed Frameworks";
			runOnlyForDeploymentPostprocessing = 0;
		};
		5AA0C63C2D88BF1400AF6C14 /* Embed Watch Content */ = {
			isa = PBXCopyFilesBuildPhase;
			buildActionMask = 2147483647;
			dstPath = "$(CONTENTS_FOLDER_PATH)/Watch";
			dstSubfolderSpec = 16;
			files = (
				5AA0C63B2D88BF1400AF6C14 /* DeepDishWatchApp.app in Embed Watch Content */,
			);
			name = "Embed Watch Content";
			runOnlyForDeploymentPostprocessing = 0;
		};
		5AA0C6BA2D88CCE100AF6C14 /* Embed Frameworks */ = {
			isa = PBXCopyFilesBuildPhase;
			buildActionMask = 2147483647;
			dstPath = "";
			dstSubfolderSpec = 10;
			files = (
				5AA0C6B72D88CCE100AF6C14 /* DeepDishAppCore.framework in Embed Frameworks */,
				5AA0C9152D89784300AF6C14 /* DeepDishCore.framework in Embed Frameworks */,
			);
			name = "Embed Frameworks";
			runOnlyForDeploymentPostprocessing = 0;
		};
		DE6F23592D6A533F003C0319 /* Embed App Clips */ = {
			isa = PBXCopyFilesBuildPhase;
			buildActionMask = 2147483647;
			dstPath = "$(CONTENTS_FOLDER_PATH)/AppClips";
			dstSubfolderSpec = 16;
			files = (
				DE6F23542D6A533F003C0319 /* DeepDishAppClip.app in Embed App Clips */,
			);
			name = "Embed App Clips";
			runOnlyForDeploymentPostprocessing = 0;
		};
		DE9F8FBA2D6A8081002517D1 /* Embed Frameworks */ = {
			isa = PBXCopyFilesBuildPhase;
			buildActionMask = 2147483647;
			dstPath = "";
			dstSubfolderSpec = 10;
			files = (
				DE9F8FB92D6A8081002517D1 /* DeepDishCore.framework in Embed Frameworks */,
				5AA0C68D2D88C4D400AF6C14 /* DeepDishAppCore.framework in Embed Frameworks */,
			);
			name = "Embed Frameworks";
			runOnlyForDeploymentPostprocessing = 0;
		};
/* End PBXCopyFilesBuildPhase section */

/* Begin PBXFileReference section */
		5A0A6ED22D9D382400C4CAC3 /* DeepDishWidgetCore.framework */ = {isa = PBXFileReference; explicitFileType = wrapper.framework; includeInIndex = 0; path = DeepDishWidgetCore.framework; sourceTree = BUILT_PRODUCTS_DIR; };
		5A28A8FB29F8038800B02EE6 /* fastlane */ = {isa = PBXFileReference; lastKnownFileType = folder; path = fastlane; sourceTree = "<group>"; };
		5A28A90029F803B100B02EE6 /* DeepDishLieSnapshots.xctest */ = {isa = PBXFileReference; explicitFileType = wrapper.cfbundle; includeInIndex = 0; path = DeepDishLieSnapshots.xctest; sourceTree = BUILT_PRODUCTS_DIR; };
		5A28A90229F803B100B02EE6 /* DeepDishSnapshots.swift */ = {isa = PBXFileReference; lastKnownFileType = sourcecode.swift; path = DeepDishSnapshots.swift; sourceTree = "<group>"; };
		5A28A90B29F803DF00B02EE6 /* SnapshotHelper.swift */ = {isa = PBXFileReference; fileEncoding = 4; lastKnownFileType = sourcecode.swift; name = SnapshotHelper.swift; path = fastlane/SnapshotHelper.swift; sourceTree = SOURCE_ROOT; };
		5A3EFB0229F7D53200D75F5E /* Deep Dish Unofficial.app */ = {isa = PBXFileReference; explicitFileType = wrapper.application; includeInIndex = 0; path = "Deep Dish Unofficial.app"; sourceTree = BUILT_PRODUCTS_DIR; };
		5A8195212D6147910048354A /* WidgetKit.framework */ = {isa = PBXFileReference; lastKnownFileType = wrapper.framework; name = WidgetKit.framework; path = System/Library/Frameworks/WidgetKit.framework; sourceTree = SDKROOT; };
		5A8195232D6147910048354A /* SwiftUI.framework */ = {isa = PBXFileReference; lastKnownFileType = wrapper.framework; name = SwiftUI.framework; path = System/Library/Frameworks/SwiftUI.framework; sourceTree = SDKROOT; };
		5A81953E2D61493D0048354A /* DeepDishCore.framework */ = {isa = PBXFileReference; explicitFileType = wrapper.framework; includeInIndex = 0; path = DeepDishCore.framework; sourceTree = BUILT_PRODUCTS_DIR; };
		5A8195452D61493D0048354A /* DeepDishCoreTests.xctest */ = {isa = PBXFileReference; explicitFileType = wrapper.cfbundle; includeInIndex = 0; path = DeepDishCoreTests.xctest; sourceTree = BUILT_PRODUCTS_DIR; };
		5A8195CB2D614E240048354A /* DeepDishWidget.appex */ = {isa = PBXFileReference; explicitFileType = "wrapper.app-extension"; includeInIndex = 0; path = DeepDishWidget.appex; sourceTree = BUILT_PRODUCTS_DIR; };
		5AA0C62E2D88BF1300AF6C14 /* DeepDishWatchApp.app */ = {isa = PBXFileReference; explicitFileType = wrapper.application; includeInIndex = 0; path = DeepDishWatchApp.app; sourceTree = BUILT_PRODUCTS_DIR; };
		5AA0C6682D88C2F800AF6C14 /* DeepDishAppCore.framework */ = {isa = PBXFileReference; explicitFileType = wrapper.framework; includeInIndex = 0; path = DeepDishAppCore.framework; sourceTree = BUILT_PRODUCTS_DIR; };
		DE6F23452D6A533B003C0319 /* DeepDishAppClip.app */ = {isa = PBXFileReference; explicitFileType = wrapper.application; includeInIndex = 0; path = DeepDishAppClip.app; sourceTree = BUILT_PRODUCTS_DIR; };
/* End PBXFileReference section */

/* Begin PBXFileSystemSynchronizedBuildFileExceptionSet section */
		5A0A6ED32D9D382400C4CAC3 /* PBXFileSystemSynchronizedBuildFileExceptionSet */ = {
			isa = PBXFileSystemSynchronizedBuildFileExceptionSet;
			membershipExceptions = (
				AppEnvironment.swift,
				DeepDishAppCore.h,
				"Extensions/Event+Colors.swift",
				"Extensions/UIWindow+ShakeNotification.swift",
				OperatingSystem.swift,
				Views/AboutView.swift,
				Views/CountdownView.swift,
				Views/FlickeringPizzaView.swift,
				Views/GiveawayView.swift,
				Views/SafariView.swift,
				Views/Schedule/EventRow.swift,
				Views/Schedule/EventsListView.swift,
				Views/Schedule/EventView.swift,
				Views/Schedule/SocialLinksSection.swift,
				Views/ScheduleView.swift,
				Views/SettingsView.swift,
				Views/WeatherView.swift,
			);
			target = 5A0A6EC42D9D382400C4CAC3 /* DeepDishWidgetCore */;
		};
		5A0A6F092D9D38B900C4CAC3 /* PBXFileSystemSynchronizedBuildFileExceptionSet */ = {
			isa = PBXFileSystemSynchronizedBuildFileExceptionSet;
			publicHeaders = (
				DeepDishWidgetCore.h,
			);
			target = 5A0A6EC42D9D382400C4CAC3 /* DeepDishWidgetCore */;
		};
		5A0A6F0A2D9D38B900C4CAC3 /* PBXFileSystemSynchronizedBuildFileExceptionSet */ = {
			isa = PBXFileSystemSynchronizedBuildFileExceptionSet;
			membershipExceptions = (
				Assets.xcassets,
				"Bundle+WidgetCore.swift",
				DeepDishWidgetCore.h,
				ScheduleWidget.swift,
				"ScheduleWidget+Entry.swift",
				"ScheduleWidget+EntryView.swift",
				"ScheduleWidget+Provider.swift",
			);
			target = 5AA0C6672D88C2F800AF6C14 /* DeepDishAppCore */;
		};
		5A8194662D6132740048354A /* PBXFileSystemSynchronizedBuildFileExceptionSet */ = {
			isa = PBXFileSystemSynchronizedBuildFileExceptionSet;
			membershipExceptions = (
				Info.plist,
			);
			platformFiltersByRelativePath = {
				LaunchScreen.storyboard = (
					ios,
				);
			};
			target = 5A3EFB0129F7D53200D75F5E /* DeepDishApp */;
		};
		5A8195562D61493D0048354A /* PBXFileSystemSynchronizedBuildFileExceptionSet */ = {
			isa = PBXFileSystemSynchronizedBuildFileExceptionSet;
			publicHeaders = (
				DeepDishCore.h,
			);
			target = 5A81953D2D61493D0048354A /* DeepDishCore */;
		};
		5A8195DC2D614E250048354A /* PBXFileSystemSynchronizedBuildFileExceptionSet */ = {
			isa = PBXFileSystemSynchronizedBuildFileExceptionSet;
			membershipExceptions = (
				Info.plist,
			);
			target = 5A8195CA2D614E240048354A /* DeepDishWidget */;
		};
		5AA0C6732D88C2F800AF6C14 /* PBXFileSystemSynchronizedBuildFileExceptionSet */ = {
			isa = PBXFileSystemSynchronizedBuildFileExceptionSet;
			publicHeaders = (
				DeepDishAppCore.h,
			);
			target = 5AA0C6672D88C2F800AF6C14 /* DeepDishAppCore */;
		};
		DE6F23582D6A533F003C0319 /* PBXFileSystemSynchronizedBuildFileExceptionSet */ = {
			isa = PBXFileSystemSynchronizedBuildFileExceptionSet;
			membershipExceptions = (
				Info.plist,
			);
			target = DE6F23442D6A533B003C0319 /* DeepDishAppClip */;
		};
		DE6F235B2D6A5361003C0319 /* PBXFileSystemSynchronizedBuildFileExceptionSet */ = {
			isa = PBXFileSystemSynchronizedBuildFileExceptionSet;
			membershipExceptions = (
				LaunchScreen.storyboard,
			);
			target = DE6F23442D6A533B003C0319 /* DeepDishAppClip */;
		};
/* End PBXFileSystemSynchronizedBuildFileExceptionSet section */

/* Begin PBXFileSystemSynchronizedRootGroup section */
		5A09047F2D63D81800A1E387 /* Configuration */ = {isa = PBXFileSystemSynchronizedRootGroup; explicitFileTypes = {}; explicitFolders = (); path = Configuration; sourceTree = "<group>"; };
		5A0A6EF72D9D38B900C4CAC3 /* DeepDishWidgetCore */ = {isa = PBXFileSystemSynchronizedRootGroup; exceptions = (5A0A6F092D9D38B900C4CAC3 /* PBXFileSystemSynchronizedBuildFileExceptionSet */, 5A0A6F0A2D9D38B900C4CAC3 /* PBXFileSystemSynchronizedBuildFileExceptionSet */, ); explicitFileTypes = {}; explicitFolders = (); path = DeepDishWidgetCore; sourceTree = "<group>"; };
		5A81944A2D6132740048354A /* DeepDishApp */ = {isa = PBXFileSystemSynchronizedRootGroup; exceptions = (5A8194662D6132740048354A /* PBXFileSystemSynchronizedBuildFileExceptionSet */, DE6F235B2D6A5361003C0319 /* PBXFileSystemSynchronizedBuildFileExceptionSet */, ); explicitFileTypes = {}; explicitFolders = (); path = DeepDishApp; sourceTree = "<group>"; };
		5A81953F2D61493D0048354A /* DeepDishCore */ = {isa = PBXFileSystemSynchronizedRootGroup; exceptions = (5A8195562D61493D0048354A /* PBXFileSystemSynchronizedBuildFileExceptionSet */, ); explicitFileTypes = {}; explicitFolders = (); path = DeepDishCore; sourceTree = "<group>"; };
		5A81954B2D61493D0048354A /* DeepDishCoreTests */ = {isa = PBXFileSystemSynchronizedRootGroup; explicitFileTypes = {}; explicitFolders = (); path = DeepDishCoreTests; sourceTree = "<group>"; };
		5A8195CE2D614E240048354A /* DeepDishWidget */ = {isa = PBXFileSystemSynchronizedRootGroup; exceptions = (5A8195DC2D614E250048354A /* PBXFileSystemSynchronizedBuildFileExceptionSet */, ); explicitFileTypes = {}; explicitFolders = (); path = DeepDishWidget; sourceTree = "<group>"; };
		5AA0C62F2D88BF1300AF6C14 /* DeepDishWatchApp */ = {isa = PBXFileSystemSynchronizedRootGroup; explicitFileTypes = {}; explicitFolders = (); path = DeepDishWatchApp; sourceTree = "<group>"; };
		5AA0C6692D88C2F800AF6C14 /* DeepDishAppCore */ = {isa = PBXFileSystemSynchronizedRootGroup; exceptions = (5A0A6ED32D9D382400C4CAC3 /* PBXFileSystemSynchronizedBuildFileExceptionSet */, 5AA0C6732D88C2F800AF6C14 /* PBXFileSystemSynchronizedBuildFileExceptionSet */, ); explicitFileTypes = {}; explicitFolders = (); path = DeepDishAppCore; sourceTree = "<group>"; };
		5ACAF0A02DB1010D004B4868 /* screenshots */ = {isa = PBXFileSystemSynchronizedRootGroup; explicitFileTypes = {}; explicitFolders = (); path = screenshots; sourceTree = "<group>"; };
		DE6F23462D6A533B003C0319 /* DeepDishAppClip */ = {isa = PBXFileSystemSynchronizedRootGroup; exceptions = (DE6F23582D6A533F003C0319 /* PBXFileSystemSynchronizedBuildFileExceptionSet */, ); explicitFileTypes = {}; explicitFolders = (); path = DeepDishAppClip; sourceTree = "<group>"; };
/* End PBXFileSystemSynchronizedRootGroup section */

/* Begin PBXFrameworksBuildPhase section */
		5A0A6ECB2D9D382400C4CAC3 /* Frameworks */ = {
			isa = PBXFrameworksBuildPhase;
			buildActionMask = 2147483647;
			files = (
				5A0A6ECC2D9D382400C4CAC3 /* DeepDishCore.framework in Frameworks */,
				5A0A6ECD2D9D382400C4CAC3 /* TelemetryDeck in Frameworks */,
			);
			runOnlyForDeploymentPostprocessing = 0;
		};
		5A28A8FD29F803B100B02EE6 /* Frameworks */ = {
			isa = PBXFrameworksBuildPhase;
			buildActionMask = 2147483647;
			files = (
			);
			runOnlyForDeploymentPostprocessing = 0;
		};
		5A3EFAFF29F7D53200D75F5E /* Frameworks */ = {
			isa = PBXFrameworksBuildPhase;
			buildActionMask = 2147483647;
			files = (
				5A0A6EDD2D9D38A100C4CAC3 /* DeepDishWidgetCore.framework in Frameworks */,
				5A8195512D61493D0048354A /* DeepDishCore.framework in Frameworks */,
				5AA0C66E2D88C2F800AF6C14 /* DeepDishAppCore.framework in Frameworks */,
				5AA0A5FA2D9D71CF00A115C2 /* TelemetryDeck in Frameworks */,
			);
			runOnlyForDeploymentPostprocessing = 0;
		};
		5A81953B2D61493D0048354A /* Frameworks */ = {
			isa = PBXFrameworksBuildPhase;
			buildActionMask = 2147483647;
			files = (
				5AA0A8FA2D9E822700A115C2 /* Defaults in Frameworks */,
			);
			runOnlyForDeploymentPostprocessing = 0;
		};
		5A8195422D61493D0048354A /* Frameworks */ = {
			isa = PBXFrameworksBuildPhase;
			buildActionMask = 2147483647;
			files = (
				5A8195462D61493D0048354A /* DeepDishCore.framework in Frameworks */,
			);
			runOnlyForDeploymentPostprocessing = 0;
		};
		5A8195C82D614E240048354A /* Frameworks */ = {
			isa = PBXFrameworksBuildPhase;
			buildActionMask = 2147483647;
			files = (
				5A0902702D6339FE00A1E387 /* DeepDishCore.framework in Frameworks */,
				5A8195CD2D614E240048354A /* SwiftUI.framework in Frameworks */,
				5A8195CC2D614E240048354A /* WidgetKit.framework in Frameworks */,
				5A0A6ED82D9D389700C4CAC3 /* DeepDishWidgetCore.framework in Frameworks */,
			);
			runOnlyForDeploymentPostprocessing = 0;
		};
		5AA0C62B2D88BF1300AF6C14 /* Frameworks */ = {
			isa = PBXFrameworksBuildPhase;
			buildActionMask = 2147483647;
			files = (
				5AA0C6B62D88CCE100AF6C14 /* DeepDishAppCore.framework in Frameworks */,
				5AA0C9142D89784300AF6C14 /* DeepDishCore.framework in Frameworks */,
				5AA0A5FE2D9D725600A115C2 /* TelemetryDeck in Frameworks */,
			);
			runOnlyForDeploymentPostprocessing = 0;
		};
		5AA0C6652D88C2F800AF6C14 /* Frameworks */ = {
			isa = PBXFrameworksBuildPhase;
			buildActionMask = 2147483647;
			files = (
				5AA0A5F82D9D70EC00A115C2 /* ConfettiSwiftUI in Frameworks */,
				5AA0C6872D88C4A400AF6C14 /* DeepDishCore.framework in Frameworks */,
				5AA0C6AF2D88C97700AF6C14 /* TelemetryDeck in Frameworks */,
			);
			runOnlyForDeploymentPostprocessing = 0;
		};
		DE6F23422D6A533B003C0319 /* Frameworks */ = {
			isa = PBXFrameworksBuildPhase;
			buildActionMask = 2147483647;
			files = (
				DE9F8FB82D6A8081002517D1 /* DeepDishCore.framework in Frameworks */,
				5AA0C68C2D88C4D400AF6C14 /* DeepDishAppCore.framework in Frameworks */,
				5AA0A5FC2D9D725100A115C2 /* TelemetryDeck in Frameworks */,
			);
			runOnlyForDeploymentPostprocessing = 0;
		};
/* End PBXFrameworksBuildPhase section */

/* Begin PBXGroup section */
		5A191A072BDBCF8A0092AF29 /* Frameworks */ = {
			isa = PBXGroup;
			children = (
				5A8195212D6147910048354A /* WidgetKit.framework */,
				5A8195232D6147910048354A /* SwiftUI.framework */,
			);
			name = Frameworks;
			sourceTree = "<group>";
		};
		5A28A90129F803B100B02EE6 /* DeepDishSnapshots */ = {
			isa = PBXGroup;
			children = (
				5A28A90229F803B100B02EE6 /* DeepDishSnapshots.swift */,
				5A28A90B29F803DF00B02EE6 /* SnapshotHelper.swift */,
			);
			path = DeepDishSnapshots;
			sourceTree = "<group>";
		};
		5A3EFAF929F7D53200D75F5E = {
			isa = PBXGroup;
			children = (
				5A81944A2D6132740048354A /* DeepDishApp */,
				DE6F23462D6A533B003C0319 /* DeepDishAppClip */,
				5AA0C62F2D88BF1300AF6C14 /* DeepDishWatchApp */,
				5A8195CE2D614E240048354A /* DeepDishWidget */,
				5AA0C6692D88C2F800AF6C14 /* DeepDishAppCore */,
				5A0A6EF72D9D38B900C4CAC3 /* DeepDishWidgetCore */,
				5A81953F2D61493D0048354A /* DeepDishCore */,
				5A81954B2D61493D0048354A /* DeepDishCoreTests */,
				5A28A90129F803B100B02EE6 /* DeepDishSnapshots */,
				5A09047F2D63D81800A1E387 /* Configuration */,
				5A28A8FB29F8038800B02EE6 /* fastlane */,
				5ACAF0A02DB1010D004B4868 /* screenshots */,
				5A3EFB0329F7D53200D75F5E /* Products */,
				5A191A072BDBCF8A0092AF29 /* Frameworks */,
			);
			sourceTree = "<group>";
		};
		5A3EFB0329F7D53200D75F5E /* Products */ = {
			isa = PBXGroup;
			children = (
				5A3EFB0229F7D53200D75F5E /* Deep Dish Unofficial.app */,
				5A28A90029F803B100B02EE6 /* DeepDishLieSnapshots.xctest */,
				5A81953E2D61493D0048354A /* DeepDishCore.framework */,
				5A8195452D61493D0048354A /* DeepDishCoreTests.xctest */,
				5A8195CB2D614E240048354A /* DeepDishWidget.appex */,
				DE6F23452D6A533B003C0319 /* DeepDishAppClip.app */,
				5AA0C62E2D88BF1300AF6C14 /* DeepDishWatchApp.app */,
				5AA0C6682D88C2F800AF6C14 /* DeepDishAppCore.framework */,
				5A0A6ED22D9D382400C4CAC3 /* DeepDishWidgetCore.framework */,
			);
			name = Products;
			sourceTree = "<group>";
		};
/* End PBXGroup section */

/* Begin PBXHeadersBuildPhase section */
		5A0A6EC92D9D382400C4CAC3 /* Headers */ = {
			isa = PBXHeadersBuildPhase;
			buildActionMask = 2147483647;
			files = (
			);
			runOnlyForDeploymentPostprocessing = 0;
		};
		5A8195392D61493D0048354A /* Headers */ = {
			isa = PBXHeadersBuildPhase;
			buildActionMask = 2147483647;
			files = (
			);
			runOnlyForDeploymentPostprocessing = 0;
		};
		5AA0C6632D88C2F800AF6C14 /* Headers */ = {
			isa = PBXHeadersBuildPhase;
			buildActionMask = 2147483647;
			files = (
			);
			runOnlyForDeploymentPostprocessing = 0;
		};
/* End PBXHeadersBuildPhase section */

/* Begin PBXNativeTarget section */
		5A0A6EC42D9D382400C4CAC3 /* DeepDishWidgetCore */ = {
			isa = PBXNativeTarget;
			buildConfigurationList = 5A0A6ECF2D9D382400C4CAC3 /* Build configuration list for PBXNativeTarget "DeepDishWidgetCore" */;
			buildPhases = (
				5A0A6EC92D9D382400C4CAC3 /* Headers */,
				5A0A6ECA2D9D382400C4CAC3 /* Sources */,
				5A0A6ECB2D9D382400C4CAC3 /* Frameworks */,
				5A0A6ECE2D9D382400C4CAC3 /* Resources */,
			);
			buildRules = (
			);
			dependencies = (
				5A0A6EC52D9D382400C4CAC3 /* PBXTargetDependency */,
			);
			fileSystemSynchronizedGroups = (
				5A0A6EF72D9D38B900C4CAC3 /* DeepDishWidgetCore */,
				5AA0C6692D88C2F800AF6C14 /* DeepDishAppCore */,
			);
			name = DeepDishWidgetCore;
			packageProductDependencies = (
				5A0A6EC72D9D382400C4CAC3 /* TelemetryDeck */,
			);
			productName = DeepDishAppCore;
			productReference = 5A0A6ED22D9D382400C4CAC3 /* DeepDishWidgetCore.framework */;
			productType = "com.apple.product-type.framework";
		};
		5A28A8FF29F803B100B02EE6 /* DeepDishLieSnapshots */ = {
			isa = PBXNativeTarget;
			buildConfigurationList = 5A28A90829F803B100B02EE6 /* Build configuration list for PBXNativeTarget "DeepDishLieSnapshots" */;
			buildPhases = (
				5A28A8FC29F803B100B02EE6 /* Sources */,
				5A28A8FD29F803B100B02EE6 /* Frameworks */,
				5A28A8FE29F803B100B02EE6 /* Resources */,
			);
			buildRules = (
			);
			dependencies = (
				5A28A90729F803B100B02EE6 /* PBXTargetDependency */,
			);
			name = DeepDishLieSnapshots;
			productName = DeepDishLieSnapshots;
			productReference = 5A28A90029F803B100B02EE6 /* DeepDishLieSnapshots.xctest */;
			productType = "com.apple.product-type.bundle.ui-testing";
		};
		5A3EFB0129F7D53200D75F5E /* DeepDishApp */ = {
			isa = PBXNativeTarget;
			buildConfigurationList = 5A3EFB1129F7D53300D75F5E /* Build configuration list for PBXNativeTarget "DeepDishApp" */;
			buildPhases = (
				5A3EFAFE29F7D53200D75F5E /* Sources */,
				5A3EFAFF29F7D53200D75F5E /* Frameworks */,
				5A3EFB0029F7D53200D75F5E /* Resources */,
				5A8195342D6147920048354A /* Embed Foundation Extensions */,
				5A8195572D61493D0048354A /* Embed Frameworks */,
				DE6F23592D6A533F003C0319 /* Embed App Clips */,
				5AA0C63C2D88BF1400AF6C14 /* Embed Watch Content */,
			);
			buildRules = (
			);
			dependencies = (
				5A8195502D61493D0048354A /* PBXTargetDependency */,
				5A8195D72D614E250048354A /* PBXTargetDependency */,
				DE6F23532D6A533F003C0319 /* PBXTargetDependency */,
				5AA0C63A2D88BF1400AF6C14 /* PBXTargetDependency */,
				5AA0C66D2D88C2F800AF6C14 /* PBXTargetDependency */,
				5A0A6EE02D9D38A100C4CAC3 /* PBXTargetDependency */,
			);
			fileSystemSynchronizedGroups = (
				5A81944A2D6132740048354A /* DeepDishApp */,
			);
			name = DeepDishApp;
			packageProductDependencies = (
				5AA0A5F92D9D71CF00A115C2 /* TelemetryDeck */,
			);
			productName = DeepDishLie;
			productReference = 5A3EFB0229F7D53200D75F5E /* Deep Dish Unofficial.app */;
			productType = "com.apple.product-type.application";
		};
		5A81953D2D61493D0048354A /* DeepDishCore */ = {
			isa = PBXNativeTarget;
			buildConfigurationList = 5A8195532D61493D0048354A /* Build configuration list for PBXNativeTarget "DeepDishCore" */;
			buildPhases = (
				5A8195392D61493D0048354A /* Headers */,
				5A81953A2D61493D0048354A /* Sources */,
				5A81953B2D61493D0048354A /* Frameworks */,
				5A81953C2D61493D0048354A /* Resources */,
			);
			buildRules = (
			);
			dependencies = (
			);
			fileSystemSynchronizedGroups = (
				5A81953F2D61493D0048354A /* DeepDishCore */,
			);
			name = DeepDishCore;
			packageProductDependencies = (
				5AA0A8F92D9E822700A115C2 /* Defaults */,
			);
			productName = DeepDishCore;
			productReference = 5A81953E2D61493D0048354A /* DeepDishCore.framework */;
			productType = "com.apple.product-type.framework";
		};
		5A8195442D61493D0048354A /* DeepDishCoreTests */ = {
			isa = PBXNativeTarget;
			buildConfigurationList = 5A8195582D61493D0048354A /* Build configuration list for PBXNativeTarget "DeepDishCoreTests" */;
			buildPhases = (
				5A8195412D61493D0048354A /* Sources */,
				5A8195422D61493D0048354A /* Frameworks */,
				5A8195432D61493D0048354A /* Resources */,
			);
			buildRules = (
			);
			dependencies = (
				5A8195482D61493D0048354A /* PBXTargetDependency */,
				5A81954A2D61493D0048354A /* PBXTargetDependency */,
			);
			fileSystemSynchronizedGroups = (
				5A81954B2D61493D0048354A /* DeepDishCoreTests */,
			);
			name = DeepDishCoreTests;
			packageProductDependencies = (
			);
			productName = DeepDishCoreTests;
			productReference = 5A8195452D61493D0048354A /* DeepDishCoreTests.xctest */;
			productType = "com.apple.product-type.bundle.unit-test";
		};
		5A8195CA2D614E240048354A /* DeepDishWidget */ = {
			isa = PBXNativeTarget;
			buildConfigurationList = 5A8195DB2D614E250048354A /* Build configuration list for PBXNativeTarget "DeepDishWidget" */;
			buildPhases = (
				5A8195C72D614E240048354A /* Sources */,
				5A8195C82D614E240048354A /* Frameworks */,
				5A8195C92D614E240048354A /* Resources */,
			);
			buildRules = (
			);
			dependencies = (
				5A0902732D6339FE00A1E387 /* PBXTargetDependency */,
				5A0A6EDB2D9D389700C4CAC3 /* PBXTargetDependency */,
			);
			fileSystemSynchronizedGroups = (
				5A8195CE2D614E240048354A /* DeepDishWidget */,
			);
			name = DeepDishWidget;
			packageProductDependencies = (
			);
			productName = ScheduleWidgetExtension;
			productReference = 5A8195CB2D614E240048354A /* DeepDishWidget.appex */;
			productType = "com.apple.product-type.app-extension";
		};
		5AA0C62D2D88BF1300AF6C14 /* DeepDishWatchApp */ = {
			isa = PBXNativeTarget;
			buildConfigurationList = 5AA0C63F2D88BF1400AF6C14 /* Build configuration list for PBXNativeTarget "DeepDishWatchApp" */;
			buildPhases = (
				5AA0C62A2D88BF1300AF6C14 /* Sources */,
				5AA0C62B2D88BF1300AF6C14 /* Frameworks */,
				5AA0C62C2D88BF1300AF6C14 /* Resources */,
				5AA0C6BA2D88CCE100AF6C14 /* Embed Frameworks */,
			);
			buildRules = (
			);
			dependencies = (
				5AA0C6B92D88CCE100AF6C14 /* PBXTargetDependency */,
				5AA0C9172D89784300AF6C14 /* PBXTargetDependency */,
			);
			fileSystemSynchronizedGroups = (
				5AA0C62F2D88BF1300AF6C14 /* DeepDishWatchApp */,
			);
			name = DeepDishWatchApp;
			packageProductDependencies = (
				5AA0A5FD2D9D725600A115C2 /* TelemetryDeck */,
			);
			productName = "DeepDishWatchApp Watch App";
			productReference = 5AA0C62E2D88BF1300AF6C14 /* DeepDishWatchApp.app */;
			productType = "com.apple.product-type.application";
		};
		5AA0C6672D88C2F800AF6C14 /* DeepDishAppCore */ = {
			isa = PBXNativeTarget;
			buildConfigurationList = 5AA0C6702D88C2F800AF6C14 /* Build configuration list for PBXNativeTarget "DeepDishAppCore" */;
			buildPhases = (
				5AA0C6632D88C2F800AF6C14 /* Headers */,
				5AA0C6642D88C2F800AF6C14 /* Sources */,
				5AA0C6652D88C2F800AF6C14 /* Frameworks */,
				5AA0C6662D88C2F800AF6C14 /* Resources */,
			);
			buildRules = (
			);
			dependencies = (
				5AA0C68A2D88C4A400AF6C14 /* PBXTargetDependency */,
			);
			fileSystemSynchronizedGroups = (
				5A0A6EF72D9D38B900C4CAC3 /* DeepDishWidgetCore */,
				5AA0C6692D88C2F800AF6C14 /* DeepDishAppCore */,
			);
			name = DeepDishAppCore;
			packageProductDependencies = (
				5AA0C6AE2D88C97700AF6C14 /* TelemetryDeck */,
				5AA0A5F72D9D70EC00A115C2 /* ConfettiSwiftUI */,
			);
			productName = DeepDishAppCore;
			productReference = 5AA0C6682D88C2F800AF6C14 /* DeepDishAppCore.framework */;
			productType = "com.apple.product-type.framework";
		};
		DE6F23442D6A533B003C0319 /* DeepDishAppClip */ = {
			isa = PBXNativeTarget;
			buildConfigurationList = DE6F23552D6A533F003C0319 /* Build configuration list for PBXNativeTarget "DeepDishAppClip" */;
			buildPhases = (
				DE6F23412D6A533B003C0319 /* Sources */,
				DE6F23422D6A533B003C0319 /* Frameworks */,
				DE6F23432D6A533B003C0319 /* Resources */,
				DE9F8FBA2D6A8081002517D1 /* Embed Frameworks */,
			);
			buildRules = (
			);
			dependencies = (
				5AA0C68F2D88C4D400AF6C14 /* PBXTargetDependency */,
			);
			fileSystemSynchronizedGroups = (
				DE6F23462D6A533B003C0319 /* DeepDishAppClip */,
			);
			name = DeepDishAppClip;
			packageProductDependencies = (
				5AA0A5FB2D9D725100A115C2 /* TelemetryDeck */,
			);
			productName = ScheduleAppClip;
			productReference = DE6F23452D6A533B003C0319 /* DeepDishAppClip.app */;
			productType = "com.apple.product-type.application.on-demand-install-capable";
		};
/* End PBXNativeTarget section */

/* Begin PBXProject section */
		5A3EFAFA29F7D53200D75F5E /* Project object */ = {
			isa = PBXProject;
			attributes = {
				BuildIndependentTargetsInParallel = 1;
				LastSwiftUpdateCheck = 1620;
				LastUpgradeCheck = 1620;
				TargetAttributes = {
					5A28A8FF29F803B100B02EE6 = {
						CreatedOnToolsVersion = 14.3;
						TestTargetID = 5A3EFB0129F7D53200D75F5E;
					};
					5A3EFB0129F7D53200D75F5E = {
						CreatedOnToolsVersion = 14.3;
					};
					5A81953D2D61493D0048354A = {
						CreatedOnToolsVersion = 16.2;
					};
					5A8195442D61493D0048354A = {
						CreatedOnToolsVersion = 16.2;
						TestTargetID = 5A3EFB0129F7D53200D75F5E;
					};
					5A8195CA2D614E240048354A = {
						CreatedOnToolsVersion = 16.2;
					};
					5AA0C62D2D88BF1300AF6C14 = {
						CreatedOnToolsVersion = 16.2;
					};
					5AA0C6672D88C2F800AF6C14 = {
						CreatedOnToolsVersion = 16.2;
					};
					DE6F23442D6A533B003C0319 = {
						CreatedOnToolsVersion = 16.0;
					};
				};
			};
			buildConfigurationList = 5A3EFAFD29F7D53200D75F5E /* Build configuration list for PBXProject "DeepDishLie" */;
			compatibilityVersion = "Xcode 14.0";
			developmentRegion = en;
			hasScannedForEncodings = 0;
			knownRegions = (
				en,
				Base,
			);
			mainGroup = 5A3EFAF929F7D53200D75F5E;
			packageReferences = (
				5A28DB432BE294910047A8CF /* XCRemoteSwiftPackageReference "ConfettiSwiftUI" */,
				5A28DB722BE5FB5F0047A8CF /* XCRemoteSwiftPackageReference "SwiftSDK" */,
				5AA0A8F82D9E822700A115C2 /* XCRemoteSwiftPackageReference "Defaults" */,
			);
			productRefGroup = 5A3EFB0329F7D53200D75F5E /* Products */;
			projectDirPath = "";
			projectRoot = "";
			targets = (
				5A3EFB0129F7D53200D75F5E /* DeepDishApp */,
				DE6F23442D6A533B003C0319 /* DeepDishAppClip */,
				5AA0C62D2D88BF1300AF6C14 /* DeepDishWatchApp */,
				5A8195CA2D614E240048354A /* DeepDishWidget */,
				5A0A6EC42D9D382400C4CAC3 /* DeepDishWidgetCore */,
				5AA0C6672D88C2F800AF6C14 /* DeepDishAppCore */,
				5A81953D2D61493D0048354A /* DeepDishCore */,
				5A8195442D61493D0048354A /* DeepDishCoreTests */,
				5A28A8FF29F803B100B02EE6 /* DeepDishLieSnapshots */,
			);
		};
/* End PBXProject section */

/* Begin PBXResourcesBuildPhase section */
		5A0A6ECE2D9D382400C4CAC3 /* Resources */ = {
			isa = PBXResourcesBuildPhase;
			buildActionMask = 2147483647;
			files = (
			);
			runOnlyForDeploymentPostprocessing = 0;
		};
		5A28A8FE29F803B100B02EE6 /* Resources */ = {
			isa = PBXResourcesBuildPhase;
			buildActionMask = 2147483647;
			files = (
			);
			runOnlyForDeploymentPostprocessing = 0;
		};
		5A3EFB0029F7D53200D75F5E /* Resources */ = {
			isa = PBXResourcesBuildPhase;
			buildActionMask = 2147483647;
			files = (
			);
			runOnlyForDeploymentPostprocessing = 0;
		};
		5A81953C2D61493D0048354A /* Resources */ = {
			isa = PBXResourcesBuildPhase;
			buildActionMask = 2147483647;
			files = (
			);
			runOnlyForDeploymentPostprocessing = 0;
		};
		5A8195432D61493D0048354A /* Resources */ = {
			isa = PBXResourcesBuildPhase;
			buildActionMask = 2147483647;
			files = (
			);
			runOnlyForDeploymentPostprocessing = 0;
		};
		5A8195C92D614E240048354A /* Resources */ = {
			isa = PBXResourcesBuildPhase;
			buildActionMask = 2147483647;
			files = (
			);
			runOnlyForDeploymentPostprocessing = 0;
		};
		5AA0C62C2D88BF1300AF6C14 /* Resources */ = {
			isa = PBXResourcesBuildPhase;
			buildActionMask = 2147483647;
			files = (
			);
			runOnlyForDeploymentPostprocessing = 0;
		};
		5AA0C6662D88C2F800AF6C14 /* Resources */ = {
			isa = PBXResourcesBuildPhase;
			buildActionMask = 2147483647;
			files = (
			);
			runOnlyForDeploymentPostprocessing = 0;
		};
		DE6F23432D6A533B003C0319 /* Resources */ = {
			isa = PBXResourcesBuildPhase;
			buildActionMask = 2147483647;
			files = (
			);
			runOnlyForDeploymentPostprocessing = 0;
		};
/* End PBXResourcesBuildPhase section */

/* Begin PBXSourcesBuildPhase section */
		5A0A6ECA2D9D382400C4CAC3 /* Sources */ = {
			isa = PBXSourcesBuildPhase;
			buildActionMask = 2147483647;
			files = (
			);
			runOnlyForDeploymentPostprocessing = 0;
		};
		5A28A8FC29F803B100B02EE6 /* Sources */ = {
			isa = PBXSourcesBuildPhase;
			buildActionMask = 2147483647;
			files = (
				5A28A90329F803B100B02EE6 /* DeepDishSnapshots.swift in Sources */,
				5A28A90C29F803DF00B02EE6 /* SnapshotHelper.swift in Sources */,
			);
			runOnlyForDeploymentPostprocessing = 0;
		};
		5A3EFAFE29F7D53200D75F5E /* Sources */ = {
			isa = PBXSourcesBuildPhase;
			buildActionMask = 2147483647;
			files = (
			);
			runOnlyForDeploymentPostprocessing = 0;
		};
		5A81953A2D61493D0048354A /* Sources */ = {
			isa = PBXSourcesBuildPhase;
			buildActionMask = 2147483647;
			files = (
			);
			runOnlyForDeploymentPostprocessing = 0;
		};
		5A8195412D61493D0048354A /* Sources */ = {
			isa = PBXSourcesBuildPhase;
			buildActionMask = 2147483647;
			files = (
			);
			runOnlyForDeploymentPostprocessing = 0;
		};
		5A8195C72D614E240048354A /* Sources */ = {
			isa = PBXSourcesBuildPhase;
			buildActionMask = 2147483647;
			files = (
			);
			runOnlyForDeploymentPostprocessing = 0;
		};
		5AA0C62A2D88BF1300AF6C14 /* Sources */ = {
			isa = PBXSourcesBuildPhase;
			buildActionMask = 2147483647;
			files = (
			);
			runOnlyForDeploymentPostprocessing = 0;
		};
		5AA0C6642D88C2F800AF6C14 /* Sources */ = {
			isa = PBXSourcesBuildPhase;
			buildActionMask = 2147483647;
			files = (
			);
			runOnlyForDeploymentPostprocessing = 0;
		};
		DE6F23412D6A533B003C0319 /* Sources */ = {
			isa = PBXSourcesBuildPhase;
			buildActionMask = 2147483647;
			files = (
			);
			runOnlyForDeploymentPostprocessing = 0;
		};
/* End PBXSourcesBuildPhase section */

/* Begin PBXTargetDependency section */
		5A0902732D6339FE00A1E387 /* PBXTargetDependency */ = {
			isa = PBXTargetDependency;
			target = 5A81953D2D61493D0048354A /* DeepDishCore */;
			targetProxy = 5A0902722D6339FE00A1E387 /* PBXContainerItemProxy */;
		};
		5A0A6EC52D9D382400C4CAC3 /* PBXTargetDependency */ = {
			isa = PBXTargetDependency;
			target = 5A81953D2D61493D0048354A /* DeepDishCore */;
			targetProxy = 5A0A6EC62D9D382400C4CAC3 /* PBXContainerItemProxy */;
		};
		5A0A6EDB2D9D389700C4CAC3 /* PBXTargetDependency */ = {
			isa = PBXTargetDependency;
			target = 5A0A6EC42D9D382400C4CAC3 /* DeepDishWidgetCore */;
			targetProxy = 5A0A6EDA2D9D389700C4CAC3 /* PBXContainerItemProxy */;
		};
		5A0A6EE02D9D38A100C4CAC3 /* PBXTargetDependency */ = {
			isa = PBXTargetDependency;
			platformFilters = (
				ios,
				macos,
				xros,
			);
			target = 5A0A6EC42D9D382400C4CAC3 /* DeepDishWidgetCore */;
			targetProxy = 5A0A6EDF2D9D38A100C4CAC3 /* PBXContainerItemProxy */;
		};
		5A28A90729F803B100B02EE6 /* PBXTargetDependency */ = {
			isa = PBXTargetDependency;
			target = 5A3EFB0129F7D53200D75F5E /* DeepDishApp */;
			targetProxy = 5A28A90629F803B100B02EE6 /* PBXContainerItemProxy */;
		};
		5A8195482D61493D0048354A /* PBXTargetDependency */ = {
			isa = PBXTargetDependency;
			target = 5A81953D2D61493D0048354A /* DeepDishCore */;
			targetProxy = 5A8195472D61493D0048354A /* PBXContainerItemProxy */;
		};
		5A81954A2D61493D0048354A /* PBXTargetDependency */ = {
			isa = PBXTargetDependency;
			target = 5A3EFB0129F7D53200D75F5E /* DeepDishApp */;
			targetProxy = 5A8195492D61493D0048354A /* PBXContainerItemProxy */;
		};
		5A8195502D61493D0048354A /* PBXTargetDependency */ = {
			isa = PBXTargetDependency;
			platformFilters = (
				ios,
				macos,
				tvos,
				xros,
			);
			target = 5A81953D2D61493D0048354A /* DeepDishCore */;
			targetProxy = 5A81954F2D61493D0048354A /* PBXContainerItemProxy */;
		};
		5A8195D72D614E250048354A /* PBXTargetDependency */ = {
			isa = PBXTargetDependency;
			platformFilters = (
				ios,
				macos,
				xros,
			);
			target = 5A8195CA2D614E240048354A /* DeepDishWidget */;
			targetProxy = 5A8195D62D614E250048354A /* PBXContainerItemProxy */;
		};
		5AA0C63A2D88BF1400AF6C14 /* PBXTargetDependency */ = {
			isa = PBXTargetDependency;
			platformFilter = ios;
			target = 5AA0C62D2D88BF1300AF6C14 /* DeepDishWatchApp */;
			targetProxy = 5AA0C6392D88BF1400AF6C14 /* PBXContainerItemProxy */;
		};
		5AA0C66D2D88C2F800AF6C14 /* PBXTargetDependency */ = {
			isa = PBXTargetDependency;
			platformFilters = (
				ios,
				macos,
				tvos,
				xros,
			);
			target = 5AA0C6672D88C2F800AF6C14 /* DeepDishAppCore */;
			targetProxy = 5AA0C66C2D88C2F800AF6C14 /* PBXContainerItemProxy */;
		};
		5AA0C68A2D88C4A400AF6C14 /* PBXTargetDependency */ = {
			isa = PBXTargetDependency;
			target = 5A81953D2D61493D0048354A /* DeepDishCore */;
			targetProxy = 5AA0C6892D88C4A400AF6C14 /* PBXContainerItemProxy */;
		};
		5AA0C68F2D88C4D400AF6C14 /* PBXTargetDependency */ = {
			isa = PBXTargetDependency;
			target = 5AA0C6672D88C2F800AF6C14 /* DeepDishAppCore */;
			targetProxy = 5AA0C68E2D88C4D400AF6C14 /* PBXContainerItemProxy */;
		};
		5AA0C6B92D88CCE100AF6C14 /* PBXTargetDependency */ = {
			isa = PBXTargetDependency;
			target = 5AA0C6672D88C2F800AF6C14 /* DeepDishAppCore */;
			targetProxy = 5AA0C6B82D88CCE100AF6C14 /* PBXContainerItemProxy */;
		};
		5AA0C9172D89784300AF6C14 /* PBXTargetDependency */ = {
			isa = PBXTargetDependency;
			target = 5A81953D2D61493D0048354A /* DeepDishCore */;
			targetProxy = 5AA0C9162D89784300AF6C14 /* PBXContainerItemProxy */;
		};
		DE6F23532D6A533F003C0319 /* PBXTargetDependency */ = {
			isa = PBXTargetDependency;
			platformFilter = ios;
			target = DE6F23442D6A533B003C0319 /* DeepDishAppClip */;
			targetProxy = DE6F23522D6A533F003C0319 /* PBXContainerItemProxy */;
		};
/* End PBXTargetDependency section */

/* Begin XCBuildConfiguration section */
		5A0A6ED02D9D382400C4CAC3 /* Debug */ = {
			isa = XCBuildConfiguration;
			baseConfigurationReferenceAnchor = 5A09047F2D63D81800A1E387 /* Configuration */;
			baseConfigurationReferenceRelativePath = "DeepDishWidgetCore/DeepDishWidgetCore-Debug.xcconfig";
			buildSettings = {
			};
			name = Debug;
		};
		5A0A6ED12D9D382400C4CAC3 /* Release */ = {
			isa = XCBuildConfiguration;
			baseConfigurationReferenceAnchor = 5A09047F2D63D81800A1E387 /* Configuration */;
			baseConfigurationReferenceRelativePath = "DeepDishWidgetCore/DeepDishWidgetCore-Release.xcconfig";
			buildSettings = {
			};
			name = Release;
		};
		5A28A90929F803B100B02EE6 /* Debug */ = {
			isa = XCBuildConfiguration;
			baseConfigurationReferenceAnchor = 5A09047F2D63D81800A1E387 /* Configuration */;
			baseConfigurationReferenceRelativePath = "DeepDishSnapshots/DeepDishSnapshots-Debug.xcconfig";
			buildSettings = {
			};
			name = Debug;
		};
		5A28A90A29F803B100B02EE6 /* Release */ = {
			isa = XCBuildConfiguration;
			baseConfigurationReferenceAnchor = 5A09047F2D63D81800A1E387 /* Configuration */;
			baseConfigurationReferenceRelativePath = "DeepDishSnapshots/DeepDishSnapshots-Release.xcconfig";
			buildSettings = {
			};
			name = Release;
		};
		5A3EFB0F29F7D53300D75F5E /* Debug */ = {
			isa = XCBuildConfiguration;
			baseConfigurationReferenceAnchor = 5A09047F2D63D81800A1E387 /* Configuration */;
			baseConfigurationReferenceRelativePath = "Project-Debug.xcconfig";
			buildSettings = {
			};
			name = Debug;
		};
		5A3EFB1029F7D53300D75F5E /* Release */ = {
			isa = XCBuildConfiguration;
			baseConfigurationReferenceAnchor = 5A09047F2D63D81800A1E387 /* Configuration */;
			baseConfigurationReferenceRelativePath = "Project-Release.xcconfig";
			buildSettings = {
			};
			name = Release;
		};
		5A3EFB1229F7D53300D75F5E /* Debug */ = {
			isa = XCBuildConfiguration;
			baseConfigurationReferenceAnchor = 5A09047F2D63D81800A1E387 /* Configuration */;
			baseConfigurationReferenceRelativePath = "DeepDishApp/DeepDishApp-Debug.xcconfig";
			buildSettings = {
			};
			name = Debug;
		};
		5A3EFB1329F7D53300D75F5E /* Release */ = {
			isa = XCBuildConfiguration;
			baseConfigurationReferenceAnchor = 5A09047F2D63D81800A1E387 /* Configuration */;
			baseConfigurationReferenceRelativePath = "DeepDishApp/DeepDishApp-Release.xcconfig";
			buildSettings = {
			};
			name = Release;
		};
		5A8195542D61493D0048354A /* Debug */ = {
			isa = XCBuildConfiguration;
			baseConfigurationReferenceAnchor = 5A09047F2D63D81800A1E387 /* Configuration */;
			baseConfigurationReferenceRelativePath = "DeepDishCore/DeepDishCore-Debug.xcconfig";
			buildSettings = {
			};
			name = Debug;
		};
		5A8195552D61493D0048354A /* Release */ = {
			isa = XCBuildConfiguration;
			baseConfigurationReferenceAnchor = 5A09047F2D63D81800A1E387 /* Configuration */;
			baseConfigurationReferenceRelativePath = "DeepDishCore/DeepDishCore-Release.xcconfig";
			buildSettings = {
			};
			name = Release;
		};
		5A8195592D61493D0048354A /* Debug */ = {
			isa = XCBuildConfiguration;
			baseConfigurationReferenceAnchor = 5A09047F2D63D81800A1E387 /* Configuration */;
			baseConfigurationReferenceRelativePath = "DeepDishCoreTests/DeepDishCoreTests-Debug.xcconfig";
			buildSettings = {
			};
			name = Debug;
		};
		5A81955A2D61493D0048354A /* Release */ = {
			isa = XCBuildConfiguration;
			baseConfigurationReferenceAnchor = 5A09047F2D63D81800A1E387 /* Configuration */;
			baseConfigurationReferenceRelativePath = "DeepDishCoreTests/DeepDishCoreTests-Release.xcconfig";
			buildSettings = {
			};
			name = Release;
		};
		5A8195D92D614E250048354A /* Debug */ = {
			isa = XCBuildConfiguration;
			baseConfigurationReferenceAnchor = 5A09047F2D63D81800A1E387 /* Configuration */;
			baseConfigurationReferenceRelativePath = "DeepDishWidget/DeepDishWidget-Debug.xcconfig";
			buildSettings = {
			};
			name = Debug;
		};
		5A8195DA2D614E250048354A /* Release */ = {
			isa = XCBuildConfiguration;
			baseConfigurationReferenceAnchor = 5A09047F2D63D81800A1E387 /* Configuration */;
			baseConfigurationReferenceRelativePath = "DeepDishWidget/DeepDishWidget-Release.xcconfig";
			buildSettings = {
			};
			name = Release;
		};
		5AA0C63D2D88BF1400AF6C14 /* Debug */ = {
			isa = XCBuildConfiguration;
			baseConfigurationReferenceAnchor = 5A09047F2D63D81800A1E387 /* Configuration */;
			baseConfigurationReferenceRelativePath = "DeepDishWatchApp/DeepDishWatchApp-Debug.xcconfig";
			buildSettings = {
			};
			name = Debug;
		};
		5AA0C63E2D88BF1400AF6C14 /* Release */ = {
			isa = XCBuildConfiguration;
			baseConfigurationReferenceAnchor = 5A09047F2D63D81800A1E387 /* Configuration */;
			baseConfigurationReferenceRelativePath = "DeepDishWatchApp/DeepDishWatchApp-Release.xcconfig";
			buildSettings = {
			};
			name = Release;
		};
		5AA0C6712D88C2F800AF6C14 /* Debug */ = {
			isa = XCBuildConfiguration;
			baseConfigurationReferenceAnchor = 5A09047F2D63D81800A1E387 /* Configuration */;
			baseConfigurationReferenceRelativePath = "DeepDishAppCore/DeepDishAppCore-Debug.xcconfig";
			buildSettings = {
			};
			name = Debug;
		};
		5AA0C6722D88C2F800AF6C14 /* Release */ = {
			isa = XCBuildConfiguration;
			baseConfigurationReferenceAnchor = 5A09047F2D63D81800A1E387 /* Configuration */;
			baseConfigurationReferenceRelativePath = "DeepDishAppCore/DeepDishAppCore-Release.xcconfig";
			buildSettings = {
			};
			name = Release;
		};
		DE6F23562D6A533F003C0319 /* Debug */ = {
			isa = XCBuildConfiguration;
			baseConfigurationReferenceAnchor = 5A09047F2D63D81800A1E387 /* Configuration */;
			baseConfigurationReferenceRelativePath = "DeepDishAppClip/DeepDishAppClip-Debug.xcconfig";
			buildSettings = {
			};
			name = Debug;
		};
		DE6F23572D6A533F003C0319 /* Release */ = {
			isa = XCBuildConfiguration;
			baseConfigurationReferenceAnchor = 5A09047F2D63D81800A1E387 /* Configuration */;
			baseConfigurationReferenceRelativePath = "DeepDishAppClip/DeepDishAppClip-Release.xcconfig";
			buildSettings = {
			};
			name = Release;
		};
/* End XCBuildConfiguration section */

/* Begin XCConfigurationList section */
		5A0A6ECF2D9D382400C4CAC3 /* Build configuration list for PBXNativeTarget "DeepDishWidgetCore" */ = {
			isa = XCConfigurationList;
			buildConfigurations = (
				5A0A6ED02D9D382400C4CAC3 /* Debug */,
				5A0A6ED12D9D382400C4CAC3 /* Release */,
			);
			defaultConfigurationIsVisible = 0;
			defaultConfigurationName = Release;
		};
		5A28A90829F803B100B02EE6 /* Build configuration list for PBXNativeTarget "DeepDishLieSnapshots" */ = {
			isa = XCConfigurationList;
			buildConfigurations = (
				5A28A90929F803B100B02EE6 /* Debug */,
				5A28A90A29F803B100B02EE6 /* Release */,
			);
			defaultConfigurationIsVisible = 0;
			defaultConfigurationName = Release;
		};
		5A3EFAFD29F7D53200D75F5E /* Build configuration list for PBXProject "DeepDishLie" */ = {
			isa = XCConfigurationList;
			buildConfigurations = (
				5A3EFB0F29F7D53300D75F5E /* Debug */,
				5A3EFB1029F7D53300D75F5E /* Release */,
			);
			defaultConfigurationIsVisible = 0;
			defaultConfigurationName = Release;
		};
		5A3EFB1129F7D53300D75F5E /* Build configuration list for PBXNativeTarget "DeepDishApp" */ = {
			isa = XCConfigurationList;
			buildConfigurations = (
				5A3EFB1229F7D53300D75F5E /* Debug */,
				5A3EFB1329F7D53300D75F5E /* Release */,
			);
			defaultConfigurationIsVisible = 0;
			defaultConfigurationName = Release;
		};
		5A8195532D61493D0048354A /* Build configuration list for PBXNativeTarget "DeepDishCore" */ = {
			isa = XCConfigurationList;
			buildConfigurations = (
				5A8195542D61493D0048354A /* Debug */,
				5A8195552D61493D0048354A /* Release */,
			);
			defaultConfigurationIsVisible = 0;
			defaultConfigurationName = Release;
		};
		5A8195582D61493D0048354A /* Build configuration list for PBXNativeTarget "DeepDishCoreTests" */ = {
			isa = XCConfigurationList;
			buildConfigurations = (
				5A8195592D61493D0048354A /* Debug */,
				5A81955A2D61493D0048354A /* Release */,
			);
			defaultConfigurationIsVisible = 0;
			defaultConfigurationName = Release;
		};
		5A8195DB2D614E250048354A /* Build configuration list for PBXNativeTarget "DeepDishWidget" */ = {
			isa = XCConfigurationList;
			buildConfigurations = (
				5A8195D92D614E250048354A /* Debug */,
				5A8195DA2D614E250048354A /* Release */,
			);
			defaultConfigurationIsVisible = 0;
			defaultConfigurationName = Release;
		};
		5AA0C63F2D88BF1400AF6C14 /* Build configuration list for PBXNativeTarget "DeepDishWatchApp" */ = {
			isa = XCConfigurationList;
			buildConfigurations = (
				5AA0C63D2D88BF1400AF6C14 /* Debug */,
				5AA0C63E2D88BF1400AF6C14 /* Release */,
			);
			defaultConfigurationIsVisible = 0;
			defaultConfigurationName = Release;
		};
		5AA0C6702D88C2F800AF6C14 /* Build configuration list for PBXNativeTarget "DeepDishAppCore" */ = {
			isa = XCConfigurationList;
			buildConfigurations = (
				5AA0C6712D88C2F800AF6C14 /* Debug */,
				5AA0C6722D88C2F800AF6C14 /* Release */,
			);
			defaultConfigurationIsVisible = 0;
			defaultConfigurationName = Release;
		};
		DE6F23552D6A533F003C0319 /* Build configuration list for PBXNativeTarget "DeepDishAppClip" */ = {
			isa = XCConfigurationList;
			buildConfigurations = (
				DE6F23562D6A533F003C0319 /* Debug */,
				DE6F23572D6A533F003C0319 /* Release */,
			);
			defaultConfigurationIsVisible = 0;
			defaultConfigurationName = Release;
		};
/* End XCConfigurationList section */

/* Begin XCRemoteSwiftPackageReference section */
		5A0A6EC82D9D382400C4CAC3 /* XCRemoteSwiftPackageReference "SwiftSDK" */ = {
			isa = XCRemoteSwiftPackageReference;
			repositoryURL = "https://github.com/TelemetryDeck/SwiftSDK";
			requirement = {
				kind = upToNextMajorVersion;
				minimumVersion = 2.7.2;
			};
		};
		5A28DB432BE294910047A8CF /* XCRemoteSwiftPackageReference "ConfettiSwiftUI" */ = {
			isa = XCRemoteSwiftPackageReference;
			repositoryURL = "https://github.com/simibac/ConfettiSwiftUI";
			requirement = {
				kind = upToNextMajorVersion;
				minimumVersion = 2.0.0;
			};
		};
		5A28DB722BE5FB5F0047A8CF /* XCRemoteSwiftPackageReference "SwiftSDK" */ = {
			isa = XCRemoteSwiftPackageReference;
			repositoryURL = "https://github.com/TelemetryDeck/SwiftSDK";
			requirement = {
				kind = upToNextMajorVersion;
				minimumVersion = 2.7.2;
			};
		};
		5AA0A8F82D9E822700A115C2 /* XCRemoteSwiftPackageReference "Defaults" */ = {
			isa = XCRemoteSwiftPackageReference;
			repositoryURL = "https://github.com/sindresorhus/Defaults";
			requirement = {
				kind = upToNextMajorVersion;
				minimumVersion = 9.0.3;
			};
		};
/* End XCRemoteSwiftPackageReference section */

/* Begin XCSwiftPackageProductDependency section */
		5A0A6EC72D9D382400C4CAC3 /* TelemetryDeck */ = {
			isa = XCSwiftPackageProductDependency;
			package = 5A0A6EC82D9D382400C4CAC3 /* XCRemoteSwiftPackageReference "SwiftSDK" */;
			productName = TelemetryDeck;
		};
		5AA0A5F72D9D70EC00A115C2 /* ConfettiSwiftUI */ = {
			isa = XCSwiftPackageProductDependency;
			package = 5A28DB432BE294910047A8CF /* XCRemoteSwiftPackageReference "ConfettiSwiftUI" */;
			productName = ConfettiSwiftUI;
		};
		5AA0A5F92D9D71CF00A115C2 /* TelemetryDeck */ = {
			isa = XCSwiftPackageProductDependency;
			package = 5A28DB722BE5FB5F0047A8CF /* XCRemoteSwiftPackageReference "SwiftSDK" */;
			productName = TelemetryDeck;
		};
		5AA0A5FB2D9D725100A115C2 /* TelemetryDeck */ = {
			isa = XCSwiftPackageProductDependency;
			package = 5A28DB722BE5FB5F0047A8CF /* XCRemoteSwiftPackageReference "SwiftSDK" */;
			productName = TelemetryDeck;
		};
		5AA0A5FD2D9D725600A115C2 /* TelemetryDeck */ = {
			isa = XCSwiftPackageProductDependency;
			package = 5A28DB722BE5FB5F0047A8CF /* XCRemoteSwiftPackageReference "SwiftSDK" */;
			productName = TelemetryDeck;
		};
		5AA0A8F92D9E822700A115C2 /* Defaults */ = {
			isa = XCSwiftPackageProductDependency;
			package = 5AA0A8F82D9E822700A115C2 /* XCRemoteSwiftPackageReference "Defaults" */;
			productName = Defaults;
		};
		5AA0C6AE2D88C97700AF6C14 /* TelemetryDeck */ = {
			isa = XCSwiftPackageProductDependency;
			package = 5A28DB722BE5FB5F0047A8CF /* XCRemoteSwiftPackageReference "SwiftSDK" */;
			productName = TelemetryDeck;
		};
/* End XCSwiftPackageProductDependency section */
	};
	rootObject = 5A3EFAFA29F7D53200D75F5E /* Project object */;
}
