{
  "originHash" : "f3b8bf4be5d8d9c651f49a223253b0f80fe4133a042b2aff2e7edabf106eec5b",
  "pins" : [
    {
      "identity" : "confettiswiftui",
      "kind" : "remoteSourceControl",
      "location" : "https://github.com/simibac/ConfettiSwiftUI",
      "state" : {
        "revision" : "77ce21c82cc5fa608ac921a0dea09dd85b5432c7",
        "version" : "2.0.2"
      }
    },
    {
      "identity" : "defaults",
      "kind" : "remoteSourceControl",
      "location" : "https://github.com/sindresorhus/Defaults",
      "state" : {
        "revision" : "00c82eff4550c87cf9c547d7e5493a6a97837061",
        "version" : "9.0.3"
      }
    },
    {
      "identity" : "swift-syntax",
      "kind" : "remoteSourceControl",
      "location" : "https://github.com/swiftlang/swift-syntax",
      "state" : {
        "revision" : "f99ae8aa18f0cf0d53481901f88a0991dc3bd4a2",
        "version" : "601.0.1"
      }
    },
    {
      "identity" : "swiftsdk",
      "kind" : "remoteSourceControl",
      "location" : "https://github.com/TelemetryDeck/SwiftSDK",
      "state" : {
        "revision" : "3119395c02e7350f86f4ee0b5335bca22eb4ff0a",
        "version" : "2.7.2"
      }
    }
  ],
  "version" : 3
}
