{
  "originHash" : "2f84339fb5bd842a1ee0910cd52ff5d2ce73e57608231c7f980bafa0fc2887dc",
  "pins" : [
    {
      "identity" : "confettiswiftui",
      "kind" : "remoteSourceControl",
      "location" : "https://github.com/MortenGregersen/ConfettiSwiftUI",
      "state" : {
        "branch" : "tvos-support",
        "revision" : "4fa5cab49c0aaa3b4989ba9221e9e12ea97a2339"
      }
    },
    {
      "identity" : "defaults",
      "kind" : "remoteSourceControl",
      "location" : "https://github.com/sindresorhus/Defaults",
      "state" : {
        "revision" : "00c82eff4550c87cf9c547d7e5493a6a97837061",
        "version" : "9.0.3"
      }
    },
    {
      "identity" : "swift-syntax",
      "kind" : "remoteSourceControl",
      "location" : "https://github.com/swiftlang/swift-syntax",
      "state" : {
        "revision" : "f99ae8aa18f0cf0d53481901f88a0991dc3bd4a2",
        "version" : "601.0.1"
      }
    },
    {
      "identity" : "swiftsdk",
      "kind" : "remoteSourceControl",
      "location" : "https://github.com/TelemetryDeck/SwiftSDK",
      "state" : {
        "revision" : "3119395c02e7350f86f4ee0b5335bca22eb4ff0a",
        "version" : "2.7.2"
      }
    }
  ],
  "version" : 3
}
