{
  "originHash" : "fb49d921d0c88d96b49aa5e98ca816ae15a71ee9f9197f709be6b9708afc249a",
  "pins" : [
    {
      "identity" : "confettiswiftui",
      "kind" : "remoteSourceControl",
      "location" : "https://github.com/simibac/ConfettiSwiftUI.git",
      "state" : {
        "revision" : "77ce21c82cc5fa608ac921a0dea09dd85b5432c7",
        "version" : "2.0.2"
      }
    },
    {
      "identity" : "swiftsdk",
      "kind" : "remoteSourceControl",
      "location" : "https://github.com/TelemetryDeck/SwiftSDK",
      "state" : {
        "revision" : "3119395c02e7350f86f4ee0b5335bca22eb4ff0a",
        "version" : "2.7.2"
      }
    }
  ],
  "version" : 3
}
